// !$*UTF8*$!
{
	archiveVersion = 1;
	classes = {
	};
	objectVersion = 48;
	objects = {

/* Begin PBXBuildFile section */
		F11ADDF5223571B30024F9C7 /* CustomTheme.swift in Sources */ = {isa = PBXBuildFile; fileRef = F11ADDE12235544B0024F9C7 /* CustomTheme.swift */; };
		F11ADDF6223571B30024F9C7 /* ThemeData.swift in Sources */ = {isa = PBXBuildFile; fileRef = F11ADDCA22352D1D0024F9C7 /* ThemeData.swift */; };
		F11ADDF7223571B30024F9C7 /* ThemeColor.swift in Sources */ = {isa = PBXBuildFile; fileRef = F11ADDCB22352D1D0024F9C7 /* ThemeColor.swift */; };
		F11ADDF8223571B30024F9C7 /* ThemeFont.swift in Sources */ = {isa = PBXBuildFile; fileRef = F11ADDD222352D600024F9C7 /* ThemeFont.swift */; };
		F11ADDF9223571B30024F9C7 /* ThemeFontColor.swift in Sources */ = {isa = PBXBuildFile; fileRef = F11ADDCC22352D1D0024F9C7 /* ThemeFontColor.swift */; };
		F11ADDFA223571B30024F9C7 /* Theme+Styles-DEPRECATED.swift in Sources */ = {isa = PBXBuildFile; fileRef = F178DE1E205E8E2C001FD75E /* Theme+Styles-DEPRECATED.swift */; };
		F11ADE23223672360024F9C7 /* AppDelegate.swift in Sources */ = {isa = PBXBuildFile; fileRef = F11ADE22223672360024F9C7 /* AppDelegate.swift */; };
		F11ADE252236723A0024F9C7 /* Assets.xcassets in Resources */ = {isa = PBXBuildFile; fileRef = F11ADE242236723A0024F9C7 /* Assets.xcassets */; };
		F11ADE282236723A0024F9C7 /* MainMenu.xib in Resources */ = {isa = PBXBuildFile; fileRef = F11ADE262236723A0024F9C7 /* MainMenu.xib */; };
		F11ADE2E223672A50024F9C7 /* CustomTheme.swift in Sources */ = {isa = PBXBuildFile; fileRef = F11ADDE12235544B0024F9C7 /* CustomTheme.swift */; };
		F11ADE2F223672A50024F9C7 /* ThemeData.swift in Sources */ = {isa = PBXBuildFile; fileRef = F11ADDCA22352D1D0024F9C7 /* ThemeData.swift */; };
		F11ADE30223672A50024F9C7 /* ThemeColor.swift in Sources */ = {isa = PBXBuildFile; fileRef = F11ADDCB22352D1D0024F9C7 /* ThemeColor.swift */; };
		F11ADE31223672A50024F9C7 /* ThemeFont.swift in Sources */ = {isa = PBXBuildFile; fileRef = F11ADDD222352D600024F9C7 /* ThemeFont.swift */; };
		F11ADE32223672A50024F9C7 /* ThemeFontColor.swift in Sources */ = {isa = PBXBuildFile; fileRef = F11ADDCC22352D1D0024F9C7 /* ThemeFontColor.swift */; };
		F11ADE33223672AB0024F9C7 /* Theme+Styles-DEPRECATED.swift in Sources */ = {isa = PBXBuildFile; fileRef = F178DE1E205E8E2C001FD75E /* Theme+Styles-DEPRECATED.swift */; };
		F11ADE37223675FB0024F9C7 /* assets.bundle in Resources */ = {isa = PBXBuildFile; fileRef = F11ADE342236733B0024F9C7 /* assets.bundle */; };
		F11ADE38223676040024F9C7 /* assets.bundle in Resources */ = {isa = PBXBuildFile; fileRef = F11ADE342236733B0024F9C7 /* assets.bundle */; };
		F12BA144205D2BDA006C1D56 /* AppDelegate.swift in Sources */ = {isa = PBXBuildFile; fileRef = F12BA143205D2BDA006C1D56 /* AppDelegate.swift */; };
		F12BA149205D2BDA006C1D56 /* Main.storyboard in Resources */ = {isa = PBXBuildFile; fileRef = F12BA147205D2BDA006C1D56 /* Main.storyboard */; };
		F12BA14B205D2BDA006C1D56 /* Assets.xcassets in Resources */ = {isa = PBXBuildFile; fileRef = F12BA14A205D2BDA006C1D56 /* Assets.xcassets */; };
		F12BA14E205D2BDA006C1D56 /* LaunchScreen.storyboard in Resources */ = {isa = PBXBuildFile; fileRef = F12BA14C205D2BDA006C1D56 /* LaunchScreen.storyboard */; };
		F178DE1D205E878B001FD75E /* Main.swift in Sources */ = {isa = PBXBuildFile; fileRef = F178DE1C205E878B001FD75E /* Main.swift */; };
		F178DE21205EB232001FD75E /* Settings.swift in Sources */ = {isa = PBXBuildFile; fileRef = F178DE20205EB232001FD75E /* Settings.swift */; };
		F1E6455823940199008D2ABE /* ColorUtil.swift in Sources */ = {isa = PBXBuildFile; fileRef = F120F5AA206134690088CC57 /* ColorUtil.swift */; };
		F1E6455923940199008D2ABE /* ColorTypes.swift in Sources */ = {isa = PBXBuildFile; fileRef = F120F5AD206136CD0088CC57 /* ColorTypes.swift */; };
		F1E6455A23940199008D2ABE /* Colors.swift in Sources */ = {isa = PBXBuildFile; fileRef = F120F5AE206136CD0088CC57 /* Colors.swift */; };
		F1E6455B23940199008D2ABE /* DecodingHelpers.swift in Sources */ = {isa = PBXBuildFile; fileRef = F11ADDC822352D1D0024F9C7 /* DecodingHelpers.swift */; };
		F1E6455C23940199008D2ABE /* Data+Extension.swift in Sources */ = {isa = PBXBuildFile; fileRef = F11ADD4E223470800024F9C7 /* Data+Extension.swift */; };
		F1E6455D23940199008D2ABE /* JSONUtil.swift in Sources */ = {isa = PBXBuildFile; fileRef = F120F5A6206122520088CC57 /* JSONUtil.swift */; };
		F1E6455E23940199008D2ABE /* FileParser.swift in Sources */ = {isa = PBXBuildFile; fileRef = F11ADD502234709F0024F9C7 /* FileParser.swift */; };
		F1E6455F23940199008D2ABE /* FileWatcher.swift in Sources */ = {isa = PBXBuildFile; fileRef = F114C2CE2062961D00C21A3D /* FileWatcher.swift */; };
		F1E6456023940199008D2ABE /* View+Extension.swift in Sources */ = {isa = PBXBuildFile; fileRef = F11ADD5C2235118E0024F9C7 /* View+Extension.swift */; };
		F1E6456123940199008D2ABE /* VC+Extension.swift in Sources */ = {isa = PBXBuildFile; fileRef = F11ADD60223514380024F9C7 /* VC+Extension.swift */; };
		F1E6456223940199008D2ABE /* Hybrid.swift in Sources */ = {isa = PBXBuildFile; fileRef = F11ADDD522353F290024F9C7 /* Hybrid.swift */; };
		F1E6456323940199008D2ABE /* Theme.swift in Sources */ = {isa = PBXBuildFile; fileRef = F11ADD5E2235128E0024F9C7 /* Theme.swift */; };
		F1E6456423940199008D2ABE /* ThemeKind.swift in Sources */ = {isa = PBXBuildFile; fileRef = F11ADDE32235675C0024F9C7 /* ThemeKind.swift */; };
		F1E6456523940199008D2ABE /* DecodingTypes.swift in Sources */ = {isa = PBXBuildFile; fileRef = F11ADDC722352D1D0024F9C7 /* DecodingTypes.swift */; };
		F1E6456623940199008D2ABE /* ThemeDataKind.swift in Sources */ = {isa = PBXBuildFile; fileRef = F11ADDD8223540C60024F9C7 /* ThemeDataKind.swift */; };
		F1E6456723940199008D2ABE /* ThemeFontColorKind.swift in Sources */ = {isa = PBXBuildFile; fileRef = F11ADDDF223553740024F9C7 /* ThemeFontColorKind.swift */; };
		F1E6456823940199008D2ABE /* ThemeColorKind.swift in Sources */ = {isa = PBXBuildFile; fileRef = F11ADDDA22354FE40024F9C7 /* ThemeColorKind.swift */; };
		F1E6456923940199008D2ABE /* ThemeFontKind.swift in Sources */ = {isa = PBXBuildFile; fileRef = F11ADDDD2235530B0024F9C7 /* ThemeFontKind.swift */; };
		F1E6456A23940199008D2ABE /* ThemeUtil.swift in Sources */ = {isa = PBXBuildFile; fileRef = F12BA158205D30A1006C1D56 /* ThemeUtil.swift */; };
		F1E6456B23940199008D2ABE /* ThemeUtil+Animation.swift in Sources */ = {isa = PBXBuildFile; fileRef = F11ADDE522356ECE0024F9C7 /* ThemeUtil+Animation.swift */; };
		F1E6456C23940199008D2ABE /* Themeable+NSVC.swift in Sources */ = {isa = PBXBuildFile; fileRef = F11ADE5C2236B5500024F9C7 /* Themeable+NSVC.swift */; };
		F1E6456D23940199008D2ABE /* Themeable.swift in Sources */ = {isa = PBXBuildFile; fileRef = F11ADD5A2235113B0024F9C7 /* Themeable.swift */; };
		F1E6456E23940199008D2ABE /* Themeable +UITVC.swift in Sources */ = {isa = PBXBuildFile; fileRef = F11ADD7C223516870024F9C7 /* Themeable +UITVC.swift */; };
		F1E6456F23940199008D2ABE /* Themeable+UIVC.swift in Sources */ = {isa = PBXBuildFile; fileRef = F11ADE5F2236B71E0024F9C7 /* Themeable+UIVC.swift */; };
		F1E6457023940199008D2ABE /* Themeable +UITabBar.swift in Sources */ = {isa = PBXBuildFile; fileRef = F11ADD7F223518700024F9C7 /* Themeable +UITabBar.swift */; };
		F1E6457123940199008D2ABE /* Themeable +UINavBar.swift in Sources */ = {isa = PBXBuildFile; fileRef = F11ADD812235189F0024F9C7 /* Themeable +UINavBar.swift */; };
		F1E6457223940199008D2ABE /* Themeable+UIButton.swift in Sources */ = {isa = PBXBuildFile; fileRef = F11ADD6C223515A50024F9C7 /* Themeable+UIButton.swift */; };
		F1E6457323940199008D2ABE /* Themeable+UILabel.swift in Sources */ = {isa = PBXBuildFile; fileRef = F11ADD6E223515C00024F9C7 /* Themeable+UILabel.swift */; };
		F1E6457423940199008D2ABE /* Themeable+UITableViewCell.swift in Sources */ = {isa = PBXBuildFile; fileRef = F11ADD70223515D20024F9C7 /* Themeable+UITableViewCell.swift */; };
		F1E6457523940199008D2ABE /* Themeable+UISwitch.swift in Sources */ = {isa = PBXBuildFile; fileRef = F11ADD72223515DD0024F9C7 /* Themeable+UISwitch.swift */; };
		F1E6457623940199008D2ABE /* Themeable+UISegmentedControl.swift in Sources */ = {isa = PBXBuildFile; fileRef = F11ADD74223515E90024F9C7 /* Themeable+UISegmentedControl.swift */; };
		F1E6457723940199008D2ABE /* Themeable+UISlider.swift in Sources */ = {isa = PBXBuildFile; fileRef = F11ADD76223515FB0024F9C7 /* Themeable+UISlider.swift */; };
		F1E6457823940199008D2ABE /* Themeable+UIStepper.swift in Sources */ = {isa = PBXBuildFile; fileRef = F11ADD782235160F0024F9C7 /* Themeable+UIStepper.swift */; };
		F1E6457923940199008D2ABE /* Themeable+UITextField.swift in Sources */ = {isa = PBXBuildFile; fileRef = F11ADD7A2235161B0024F9C7 /* Themeable+UITextField.swift */; };
		F1E6457A2394019A008D2ABE /* ColorUtil.swift in Sources */ = {isa = PBXBuildFile; fileRef = F120F5AA206134690088CC57 /* ColorUtil.swift */; };
		F1E6457B2394019A008D2ABE /* ColorTypes.swift in Sources */ = {isa = PBXBuildFile; fileRef = F120F5AD206136CD0088CC57 /* ColorTypes.swift */; };
		F1E6457C2394019A008D2ABE /* Colors.swift in Sources */ = {isa = PBXBuildFile; fileRef = F120F5AE206136CD0088CC57 /* Colors.swift */; };
		F1E6457D2394019A008D2ABE /* DecodingHelpers.swift in Sources */ = {isa = PBXBuildFile; fileRef = F11ADDC822352D1D0024F9C7 /* DecodingHelpers.swift */; };
		F1E6457E2394019A008D2ABE /* Data+Extension.swift in Sources */ = {isa = PBXBuildFile; fileRef = F11ADD4E223470800024F9C7 /* Data+Extension.swift */; };
		F1E6457F2394019A008D2ABE /* JSONUtil.swift in Sources */ = {isa = PBXBuildFile; fileRef = F120F5A6206122520088CC57 /* JSONUtil.swift */; };
		F1E645802394019A008D2ABE /* FileParser.swift in Sources */ = {isa = PBXBuildFile; fileRef = F11ADD502234709F0024F9C7 /* FileParser.swift */; };
		F1E645812394019A008D2ABE /* FileWatcher.swift in Sources */ = {isa = PBXBuildFile; fileRef = F114C2CE2062961D00C21A3D /* FileWatcher.swift */; };
		F1E645822394019A008D2ABE /* View+Extension.swift in Sources */ = {isa = PBXBuildFile; fileRef = F11ADD5C2235118E0024F9C7 /* View+Extension.swift */; };
		F1E645832394019A008D2ABE /* VC+Extension.swift in Sources */ = {isa = PBXBuildFile; fileRef = F11ADD60223514380024F9C7 /* VC+Extension.swift */; };
		F1E645842394019A008D2ABE /* Hybrid.swift in Sources */ = {isa = PBXBuildFile; fileRef = F11ADDD522353F290024F9C7 /* Hybrid.swift */; };
		F1E645852394019A008D2ABE /* Theme.swift in Sources */ = {isa = PBXBuildFile; fileRef = F11ADD5E2235128E0024F9C7 /* Theme.swift */; };
		F1E645862394019A008D2ABE /* ThemeKind.swift in Sources */ = {isa = PBXBuildFile; fileRef = F11ADDE32235675C0024F9C7 /* ThemeKind.swift */; };
		F1E645872394019A008D2ABE /* DecodingTypes.swift in Sources */ = {isa = PBXBuildFile; fileRef = F11ADDC722352D1D0024F9C7 /* DecodingTypes.swift */; };
		F1E645882394019A008D2ABE /* ThemeDataKind.swift in Sources */ = {isa = PBXBuildFile; fileRef = F11ADDD8223540C60024F9C7 /* ThemeDataKind.swift */; };
		F1E645892394019A008D2ABE /* ThemeFontColorKind.swift in Sources */ = {isa = PBXBuildFile; fileRef = F11ADDDF223553740024F9C7 /* ThemeFontColorKind.swift */; };
		F1E6458A2394019A008D2ABE /* ThemeColorKind.swift in Sources */ = {isa = PBXBuildFile; fileRef = F11ADDDA22354FE40024F9C7 /* ThemeColorKind.swift */; };
		F1E6458B2394019A008D2ABE /* ThemeFontKind.swift in Sources */ = {isa = PBXBuildFile; fileRef = F11ADDDD2235530B0024F9C7 /* ThemeFontKind.swift */; };
		F1E6458C2394019A008D2ABE /* ThemeUtil.swift in Sources */ = {isa = PBXBuildFile; fileRef = F12BA158205D30A1006C1D56 /* ThemeUtil.swift */; };
		F1E6458D2394019A008D2ABE /* ThemeUtil+Animation.swift in Sources */ = {isa = PBXBuildFile; fileRef = F11ADDE522356ECE0024F9C7 /* ThemeUtil+Animation.swift */; };
		F1E6458E2394019A008D2ABE /* Themeable+NSVC.swift in Sources */ = {isa = PBXBuildFile; fileRef = F11ADE5C2236B5500024F9C7 /* Themeable+NSVC.swift */; };
		F1E6458F2394019A008D2ABE /* Themeable.swift in Sources */ = {isa = PBXBuildFile; fileRef = F11ADD5A2235113B0024F9C7 /* Themeable.swift */; };
		F1E645902394019A008D2ABE /* Themeable +UITVC.swift in Sources */ = {isa = PBXBuildFile; fileRef = F11ADD7C223516870024F9C7 /* Themeable +UITVC.swift */; };
		F1E645912394019A008D2ABE /* Themeable+UIVC.swift in Sources */ = {isa = PBXBuildFile; fileRef = F11ADE5F2236B71E0024F9C7 /* Themeable+UIVC.swift */; };
		F1E645922394019A008D2ABE /* Themeable +UITabBar.swift in Sources */ = {isa = PBXBuildFile; fileRef = F11ADD7F223518700024F9C7 /* Themeable +UITabBar.swift */; };
		F1E645932394019A008D2ABE /* Themeable +UINavBar.swift in Sources */ = {isa = PBXBuildFile; fileRef = F11ADD812235189F0024F9C7 /* Themeable +UINavBar.swift */; };
		F1E645942394019A008D2ABE /* Themeable+UIButton.swift in Sources */ = {isa = PBXBuildFile; fileRef = F11ADD6C223515A50024F9C7 /* Themeable+UIButton.swift */; };
		F1E645952394019A008D2ABE /* Themeable+UILabel.swift in Sources */ = {isa = PBXBuildFile; fileRef = F11ADD6E223515C00024F9C7 /* Themeable+UILabel.swift */; };
		F1E645962394019A008D2ABE /* Themeable+UITableViewCell.swift in Sources */ = {isa = PBXBuildFile; fileRef = F11ADD70223515D20024F9C7 /* Themeable+UITableViewCell.swift */; };
		F1E645972394019A008D2ABE /* Themeable+UISwitch.swift in Sources */ = {isa = PBXBuildFile; fileRef = F11ADD72223515DD0024F9C7 /* Themeable+UISwitch.swift */; };
		F1E645982394019A008D2ABE /* Themeable+UISegmentedControl.swift in Sources */ = {isa = PBXBuildFile; fileRef = F11ADD74223515E90024F9C7 /* Themeable+UISegmentedControl.swift */; };
		F1E645992394019A008D2ABE /* Themeable+UISlider.swift in Sources */ = {isa = PBXBuildFile; fileRef = F11ADD76223515FB0024F9C7 /* Themeable+UISlider.swift */; };
		F1E6459A2394019A008D2ABE /* Themeable+UIStepper.swift in Sources */ = {isa = PBXBuildFile; fileRef = F11ADD782235160F0024F9C7 /* Themeable+UIStepper.swift */; };
		F1E6459B2394019A008D2ABE /* Themeable+UITextField.swift in Sources */ = {isa = PBXBuildFile; fileRef = F11ADD7A2235161B0024F9C7 /* Themeable+UITextField.swift */; };
/* End PBXBuildFile section */

/* Begin PBXCopyFilesBuildPhase section */
		F114AE4721A6E06500942A28 /* Embed Frameworks */ = {
			isa = PBXCopyFilesBuildPhase;
			buildActionMask = 2147483647;
			dstPath = "";
			dstSubfolderSpec = 10;
			files = (
			);
			name = "Embed Frameworks";
			runOnlyForDeploymentPostprocessing = 0;
		};
/* End PBXCopyFilesBuildPhase section */

/* Begin PBXFileReference section */
		F114C2CE2062961D00C21A3D /* FileWatcher.swift */ = {isa = PBXFileReference; lastKnownFileType = sourcecode.swift; path = FileWatcher.swift; sourceTree = "<group>"; };
		F11ADD4E223470800024F9C7 /* Data+Extension.swift */ = {isa = PBXFileReference; lastKnownFileType = sourcecode.swift; path = "Data+Extension.swift"; sourceTree = "<group>"; };
		F11ADD502234709F0024F9C7 /* FileParser.swift */ = {isa = PBXFileReference; lastKnownFileType = sourcecode.swift; path = FileParser.swift; sourceTree = "<group>"; };
		F11ADD5A2235113B0024F9C7 /* Themeable.swift */ = {isa = PBXFileReference; lastKnownFileType = sourcecode.swift; path = Themeable.swift; sourceTree = "<group>"; };
		F11ADD5C2235118E0024F9C7 /* View+Extension.swift */ = {isa = PBXFileReference; lastKnownFileType = sourcecode.swift; path = "View+Extension.swift"; sourceTree = "<group>"; };
		F11ADD5E2235128E0024F9C7 /* Theme.swift */ = {isa = PBXFileReference; lastKnownFileType = sourcecode.swift; path = Theme.swift; sourceTree = "<group>"; };
		F11ADD60223514380024F9C7 /* VC+Extension.swift */ = {isa = PBXFileReference; lastKnownFileType = sourcecode.swift; path = "VC+Extension.swift"; sourceTree = "<group>"; };
		F11ADD6C223515A50024F9C7 /* Themeable+UIButton.swift */ = {isa = PBXFileReference; lastKnownFileType = sourcecode.swift; path = "Themeable+UIButton.swift"; sourceTree = "<group>"; };
		F11ADD6E223515C00024F9C7 /* Themeable+UILabel.swift */ = {isa = PBXFileReference; lastKnownFileType = sourcecode.swift; path = "Themeable+UILabel.swift"; sourceTree = "<group>"; };
		F11ADD70223515D20024F9C7 /* Themeable+UITableViewCell.swift */ = {isa = PBXFileReference; lastKnownFileType = sourcecode.swift; path = "Themeable+UITableViewCell.swift"; sourceTree = "<group>"; };
		F11ADD72223515DD0024F9C7 /* Themeable+UISwitch.swift */ = {isa = PBXFileReference; lastKnownFileType = sourcecode.swift; path = "Themeable+UISwitch.swift"; sourceTree = "<group>"; };
		F11ADD74223515E90024F9C7 /* Themeable+UISegmentedControl.swift */ = {isa = PBXFileReference; lastKnownFileType = sourcecode.swift; path = "Themeable+UISegmentedControl.swift"; sourceTree = "<group>"; };
		F11ADD76223515FB0024F9C7 /* Themeable+UISlider.swift */ = {isa = PBXFileReference; lastKnownFileType = sourcecode.swift; path = "Themeable+UISlider.swift"; sourceTree = "<group>"; };
		F11ADD782235160F0024F9C7 /* Themeable+UIStepper.swift */ = {isa = PBXFileReference; lastKnownFileType = sourcecode.swift; path = "Themeable+UIStepper.swift"; sourceTree = "<group>"; };
		F11ADD7A2235161B0024F9C7 /* Themeable+UITextField.swift */ = {isa = PBXFileReference; lastKnownFileType = sourcecode.swift; path = "Themeable+UITextField.swift"; sourceTree = "<group>"; };
		F11ADD7C223516870024F9C7 /* Themeable +UITVC.swift */ = {isa = PBXFileReference; lastKnownFileType = sourcecode.swift; path = "Themeable +UITVC.swift"; sourceTree = "<group>"; };
		F11ADD7F223518700024F9C7 /* Themeable +UITabBar.swift */ = {isa = PBXFileReference; lastKnownFileType = sourcecode.swift; path = "Themeable +UITabBar.swift"; sourceTree = "<group>"; };
		F11ADD812235189F0024F9C7 /* Themeable +UINavBar.swift */ = {isa = PBXFileReference; lastKnownFileType = sourcecode.swift; path = "Themeable +UINavBar.swift"; sourceTree = "<group>"; };
		F11ADDC722352D1D0024F9C7 /* DecodingTypes.swift */ = {isa = PBXFileReference; fileEncoding = 4; lastKnownFileType = sourcecode.swift; path = DecodingTypes.swift; sourceTree = "<group>"; };
		F11ADDC822352D1D0024F9C7 /* DecodingHelpers.swift */ = {isa = PBXFileReference; fileEncoding = 4; lastKnownFileType = sourcecode.swift; path = DecodingHelpers.swift; sourceTree = "<group>"; };
		F11ADDCA22352D1D0024F9C7 /* ThemeData.swift */ = {isa = PBXFileReference; fileEncoding = 4; lastKnownFileType = sourcecode.swift; path = ThemeData.swift; sourceTree = "<group>"; };
		F11ADDCB22352D1D0024F9C7 /* ThemeColor.swift */ = {isa = PBXFileReference; fileEncoding = 4; lastKnownFileType = sourcecode.swift; path = ThemeColor.swift; sourceTree = "<group>"; };
		F11ADDCC22352D1D0024F9C7 /* ThemeFontColor.swift */ = {isa = PBXFileReference; fileEncoding = 4; lastKnownFileType = sourcecode.swift; path = ThemeFontColor.swift; sourceTree = "<group>"; };
		F11ADDD222352D600024F9C7 /* ThemeFont.swift */ = {isa = PBXFileReference; lastKnownFileType = sourcecode.swift; path = ThemeFont.swift; sourceTree = "<group>"; };
		F11ADDD522353F290024F9C7 /* Hybrid.swift */ = {isa = PBXFileReference; lastKnownFileType = sourcecode.swift; path = Hybrid.swift; sourceTree = "<group>"; };
		F11ADDD8223540C60024F9C7 /* ThemeDataKind.swift */ = {isa = PBXFileReference; lastKnownFileType = sourcecode.swift; path = ThemeDataKind.swift; sourceTree = "<group>"; };
		F11ADDDA22354FE40024F9C7 /* ThemeColorKind.swift */ = {isa = PBXFileReference; lastKnownFileType = sourcecode.swift; path = ThemeColorKind.swift; sourceTree = "<group>"; };
		F11ADDDD2235530B0024F9C7 /* ThemeFontKind.swift */ = {isa = PBXFileReference; lastKnownFileType = sourcecode.swift; path = ThemeFontKind.swift; sourceTree = "<group>"; };
		F11ADDDF223553740024F9C7 /* ThemeFontColorKind.swift */ = {isa = PBXFileReference; lastKnownFileType = sourcecode.swift; path = ThemeFontColorKind.swift; sourceTree = "<group>"; };
		F11ADDE12235544B0024F9C7 /* CustomTheme.swift */ = {isa = PBXFileReference; lastKnownFileType = sourcecode.swift; path = CustomTheme.swift; sourceTree = "<group>"; };
		F11ADDE32235675C0024F9C7 /* ThemeKind.swift */ = {isa = PBXFileReference; lastKnownFileType = sourcecode.swift; path = ThemeKind.swift; sourceTree = "<group>"; };
		F11ADDE522356ECE0024F9C7 /* ThemeUtil+Animation.swift */ = {isa = PBXFileReference; lastKnownFileType = sourcecode.swift; path = "ThemeUtil+Animation.swift"; sourceTree = "<group>"; };
		F11ADE20223672360024F9C7 /* ThemePark-example-macOS.app */ = {isa = PBXFileReference; explicitFileType = wrapper.application; includeInIndex = 0; path = "ThemePark-example-macOS.app"; sourceTree = BUILT_PRODUCTS_DIR; };
		F11ADE22223672360024F9C7 /* AppDelegate.swift */ = {isa = PBXFileReference; lastKnownFileType = sourcecode.swift; path = AppDelegate.swift; sourceTree = "<group>"; };
		F11ADE242236723A0024F9C7 /* Assets.xcassets */ = {isa = PBXFileReference; lastKnownFileType = folder.assetcatalog; path = Assets.xcassets; sourceTree = "<group>"; };
		F11ADE272236723A0024F9C7 /* Base */ = {isa = PBXFileReference; lastKnownFileType = file.xib; name = Base; path = Base.lproj/MainMenu.xib; sourceTree = "<group>"; };
		F11ADE292236723A0024F9C7 /* Info.plist */ = {isa = PBXFileReference; lastKnownFileType = text.plist.xml; path = Info.plist; sourceTree = "<group>"; };
		F11ADE2A2236723A0024F9C7 /* ThemePark_example_macOS.entitlements */ = {isa = PBXFileReference; lastKnownFileType = text.plist.entitlements; path = ThemePark_example_macOS.entitlements; sourceTree = "<group>"; };
		F11ADE342236733B0024F9C7 /* assets.bundle */ = {isa = PBXFileReference; lastKnownFileType = "wrapper.plug-in"; path = assets.bundle; sourceTree = "<group>"; };
		F11ADE5C2236B5500024F9C7 /* Themeable+NSVC.swift */ = {isa = PBXFileReference; lastKnownFileType = sourcecode.swift; path = "Themeable+NSVC.swift"; sourceTree = "<group>"; };
		F11ADE5F2236B71E0024F9C7 /* Themeable+UIVC.swift */ = {isa = PBXFileReference; lastKnownFileType = sourcecode.swift; path = "Themeable+UIVC.swift"; sourceTree = "<group>"; };
		F120F5A6206122520088CC57 /* JSONUtil.swift */ = {isa = PBXFileReference; lastKnownFileType = sourcecode.swift; path = JSONUtil.swift; sourceTree = "<group>"; };
		F120F5AA206134690088CC57 /* ColorUtil.swift */ = {isa = PBXFileReference; lastKnownFileType = sourcecode.swift; path = ColorUtil.swift; sourceTree = "<group>"; };
		F120F5AD206136CD0088CC57 /* ColorTypes.swift */ = {isa = PBXFileReference; fileEncoding = 4; lastKnownFileType = sourcecode.swift; path = ColorTypes.swift; sourceTree = "<group>"; };
		F120F5AE206136CD0088CC57 /* Colors.swift */ = {isa = PBXFileReference; fileEncoding = 4; lastKnownFileType = sourcecode.swift; path = Colors.swift; sourceTree = "<group>"; };
		F12BA140205D2BDA006C1D56 /* ThemeTest.app */ = {isa = PBXFileReference; explicitFileType = wrapper.application; includeInIndex = 0; path = ThemeTest.app; sourceTree = BUILT_PRODUCTS_DIR; };
		F12BA143205D2BDA006C1D56 /* AppDelegate.swift */ = {isa = PBXFileReference; lastKnownFileType = sourcecode.swift; path = AppDelegate.swift; sourceTree = "<group>"; };
		F12BA148205D2BDA006C1D56 /* Base */ = {isa = PBXFileReference; lastKnownFileType = file.storyboard; name = Base; path = Base.lproj/Main.storyboard; sourceTree = "<group>"; };
		F12BA14A205D2BDA006C1D56 /* Assets.xcassets */ = {isa = PBXFileReference; lastKnownFileType = folder.assetcatalog; path = Assets.xcassets; sourceTree = "<group>"; };
		F12BA14D205D2BDA006C1D56 /* Base */ = {isa = PBXFileReference; lastKnownFileType = file.storyboard; name = Base; path = Base.lproj/LaunchScreen.storyboard; sourceTree = "<group>"; };
		F12BA14F205D2BDA006C1D56 /* Info.plist */ = {isa = PBXFileReference; lastKnownFileType = text.plist.xml; path = Info.plist; sourceTree = "<group>"; };
		F12BA158205D30A1006C1D56 /* ThemeUtil.swift */ = {isa = PBXFileReference; lastKnownFileType = sourcecode.swift; path = ThemeUtil.swift; sourceTree = "<group>"; };
		F178DE1C205E878B001FD75E /* Main.swift */ = {isa = PBXFileReference; lastKnownFileType = sourcecode.swift; path = Main.swift; sourceTree = "<group>"; };
		F178DE1E205E8E2C001FD75E /* Theme+Styles-DEPRECATED.swift */ = {isa = PBXFileReference; lastKnownFileType = sourcecode.swift; path = "Theme+Styles-DEPRECATED.swift"; sourceTree = "<group>"; };
		F178DE20205EB232001FD75E /* Settings.swift */ = {isa = PBXFileReference; lastKnownFileType = sourcecode.swift; path = Settings.swift; sourceTree = "<group>"; };
/* End PBXFileReference section */

/* Begin PBXFrameworksBuildPhase section */
		F11ADE1D223672360024F9C7 /* Frameworks */ = {
			isa = PBXFrameworksBuildPhase;
			buildActionMask = 2147483647;
			files = (
			);
			runOnlyForDeploymentPostprocessing = 0;
		};
		F12BA13D205D2BDA006C1D56 /* Frameworks */ = {
			isa = PBXFrameworksBuildPhase;
			buildActionMask = 2147483647;
			files = (
			);
			runOnlyForDeploymentPostprocessing = 0;
		};
/* End PBXFrameworksBuildPhase section */

/* Begin PBXGroup section */
		F11ADD4D223470430024F9C7 /* common */ = {
			isa = PBXGroup;
			children = (
				F120F5AC206136CD0088CC57 /* color */,
				F11ADDD422352F280024F9C7 /* json */,
				F11ADD502234709F0024F9C7 /* FileParser.swift */,
				F114C2CE2062961D00C21A3D /* FileWatcher.swift */,
				F11ADD5C2235118E0024F9C7 /* View+Extension.swift */,
				F11ADD60223514380024F9C7 /* VC+Extension.swift */,
				F11ADDD522353F290024F9C7 /* Hybrid.swift */,
			);
			path = common;
			sourceTree = "<group>";
		};
		F11ADD57223510E50024F9C7 /* util */ = {
			isa = PBXGroup;
			children = (
				F12BA158205D30A1006C1D56 /* ThemeUtil.swift */,
				F11ADDE522356ECE0024F9C7 /* ThemeUtil+Animation.swift */,
			);
			path = util;
			sourceTree = "<group>";
		};
		F11ADD58223510F30024F9C7 /* theme */ = {
			isa = PBXGroup;
			children = (
				F11ADDE12235544B0024F9C7 /* CustomTheme.swift */,
				F11ADDCA22352D1D0024F9C7 /* ThemeData.swift */,
				F11ADDCB22352D1D0024F9C7 /* ThemeColor.swift */,
				F11ADDD222352D600024F9C7 /* ThemeFont.swift */,
				F11ADDCC22352D1D0024F9C7 /* ThemeFontColor.swift */,
				F11ADDDC22354FFA0024F9C7 /* deprecated */,
			);
			path = theme;
			sourceTree = "<group>";
		};
		F11ADD6B223515810024F9C7 /* themeable */ = {
			isa = PBXGroup;
			children = (
				F11ADE5B2236B5330024F9C7 /* macOS */,
				F11ADD5A2235113B0024F9C7 /* Themeable.swift */,
				F11ADDD722353F640024F9C7 /* iOS */,
			);
			path = themeable;
			sourceTree = "<group>";
		};
		F11ADD7E223518590024F9C7 /* vc */ = {
			isa = PBXGroup;
			children = (
				F11ADD7C223516870024F9C7 /* Themeable +UITVC.swift */,
				F11ADE5F2236B71E0024F9C7 /* Themeable+UIVC.swift */,
				F11ADD7F223518700024F9C7 /* Themeable +UITabBar.swift */,
				F11ADD812235189F0024F9C7 /* Themeable +UINavBar.swift */,
			);
			path = vc;
			sourceTree = "<group>";
		};
		F11ADDAF22351E310024F9C7 /* vc */ = {
			isa = PBXGroup;
			children = (
				F178DE1C205E878B001FD75E /* Main.swift */,
				F178DE20205EB232001FD75E /* Settings.swift */,
			);
			path = vc;
			sourceTree = "<group>";
		};
		F11ADDC622352D1D0024F9C7 /* transformer */ = {
			isa = PBXGroup;
			children = (
				F11ADDC722352D1D0024F9C7 /* DecodingTypes.swift */,
			);
			path = transformer;
			sourceTree = "<group>";
		};
		F11ADDC922352D1D0024F9C7 /* decode */ = {
			isa = PBXGroup;
			children = (
				F11ADDC622352D1D0024F9C7 /* transformer */,
				F11ADDD8223540C60024F9C7 /* ThemeDataKind.swift */,
				F11ADDDF223553740024F9C7 /* ThemeFontColorKind.swift */,
				F11ADDDA22354FE40024F9C7 /* ThemeColorKind.swift */,
				F11ADDDD2235530B0024F9C7 /* ThemeFontKind.swift */,
			);
			path = decode;
			sourceTree = "<group>";
		};
		F11ADDD422352F280024F9C7 /* json */ = {
			isa = PBXGroup;
			children = (
				F11ADDC822352D1D0024F9C7 /* DecodingHelpers.swift */,
				F11ADD4E223470800024F9C7 /* Data+Extension.swift */,
				F120F5A6206122520088CC57 /* JSONUtil.swift */,
			);
			path = json;
			sourceTree = "<group>";
		};
		F11ADDD722353F640024F9C7 /* iOS */ = {
			isa = PBXGroup;
			children = (
				F11ADD7E223518590024F9C7 /* vc */,
				F11ADD6C223515A50024F9C7 /* Themeable+UIButton.swift */,
				F11ADD6E223515C00024F9C7 /* Themeable+UILabel.swift */,
				F11ADD70223515D20024F9C7 /* Themeable+UITableViewCell.swift */,
				F11ADD72223515DD0024F9C7 /* Themeable+UISwitch.swift */,
				F11ADD74223515E90024F9C7 /* Themeable+UISegmentedControl.swift */,
				F11ADD76223515FB0024F9C7 /* Themeable+UISlider.swift */,
				F11ADD782235160F0024F9C7 /* Themeable+UIStepper.swift */,
				F11ADD7A2235161B0024F9C7 /* Themeable+UITextField.swift */,
			);
			path = iOS;
			sourceTree = "<group>";
		};
		F11ADDDC22354FFA0024F9C7 /* deprecated */ = {
			isa = PBXGroup;
			children = (
				F178DE1E205E8E2C001FD75E /* Theme+Styles-DEPRECATED.swift */,
			);
			path = deprecated;
			sourceTree = "<group>";
		};
		F11ADE21223672360024F9C7 /* ThemePark-example-macOS */ = {
			isa = PBXGroup;
			children = (
				F11ADE22223672360024F9C7 /* AppDelegate.swift */,
				F11ADE242236723A0024F9C7 /* Assets.xcassets */,
				F11ADE262236723A0024F9C7 /* MainMenu.xib */,
				F11ADE292236723A0024F9C7 /* Info.plist */,
				F11ADE2A2236723A0024F9C7 /* ThemePark_example_macOS.entitlements */,
			);
			path = "ThemePark-example-macOS";
			sourceTree = "<group>";
		};
		F11ADE5B2236B5330024F9C7 /* macOS */ = {
			isa = PBXGroup;
			children = (
				F11ADE5C2236B5500024F9C7 /* Themeable+NSVC.swift */,
			);
			path = macOS;
			sourceTree = "<group>";
		};
		F120F5AC206136CD0088CC57 /* color */ = {
			isa = PBXGroup;
			children = (
				F120F5AA206134690088CC57 /* ColorUtil.swift */,
				F120F5AD206136CD0088CC57 /* ColorTypes.swift */,
				F120F5AE206136CD0088CC57 /* Colors.swift */,
			);
			path = color;
			sourceTree = "<group>";
		};
		F12BA137205D2BDA006C1D56 = {
			isa = PBXGroup;
			children = (
				F11ADE342236733B0024F9C7 /* assets.bundle */,
				F1E645532394013D008D2ABE /* Sources */,
				F11ADD58223510F30024F9C7 /* theme */,
				F12BA142205D2BDA006C1D56 /* ThemeTest */,
				F11ADE21223672360024F9C7 /* ThemePark-example-macOS */,
				F12BA141205D2BDA006C1D56 /* Products */,
			);
			sourceTree = "<group>";
		};
		F12BA141205D2BDA006C1D56 /* Products */ = {
			isa = PBXGroup;
			children = (
				F12BA140205D2BDA006C1D56 /* ThemeTest.app */,
				F11ADE20223672360024F9C7 /* ThemePark-example-macOS.app */,
			);
			name = Products;
			sourceTree = "<group>";
		};
		F12BA142205D2BDA006C1D56 /* ThemeTest */ = {
			isa = PBXGroup;
			children = (
				F12BA143205D2BDA006C1D56 /* AppDelegate.swift */,
				F11ADDAF22351E310024F9C7 /* vc */,
				F12BA147205D2BDA006C1D56 /* Main.storyboard */,
				F12BA14A205D2BDA006C1D56 /* Assets.xcassets */,
				F12BA14C205D2BDA006C1D56 /* LaunchScreen.storyboard */,
				F12BA14F205D2BDA006C1D56 /* Info.plist */,
			);
			path = ThemeTest;
			sourceTree = "<group>";
		};
		F12BA155205D3085006C1D56 /* core */ = {
			isa = PBXGroup;
			children = (
				F11ADD5E2235128E0024F9C7 /* Theme.swift */,
				F11ADDE32235675C0024F9C7 /* ThemeKind.swift */,
				F11ADDC922352D1D0024F9C7 /* decode */,
				F11ADD57223510E50024F9C7 /* util */,
				F11ADD6B223515810024F9C7 /* themeable */,
			);
			path = core;
			sourceTree = "<group>";
		};
		F1E645532394013D008D2ABE /* Sources */ = {
			isa = PBXGroup;
			children = (
				F1E645542394013D008D2ABE /* ThemePark */,
			);
			path = Sources;
			sourceTree = SOURCE_ROOT;
		};
		F1E645542394013D008D2ABE /* ThemePark */ = {
			isa = PBXGroup;
			children = (
				F11ADD4D223470430024F9C7 /* common */,
				F12BA155205D3085006C1D56 /* core */,
			);
			path = ThemePark;
			sourceTree = "<group>";
		};
/* End PBXGroup section */

/* Begin PBXNativeTarget section */
		F11ADE1F223672360024F9C7 /* ThemePark-example-macOS */ = {
			isa = PBXNativeTarget;
			buildConfigurationList = F11ADE2B2236723A0024F9C7 /* Build configuration list for PBXNativeTarget "ThemePark-example-macOS" */;
			buildPhases = (
				F11ADE1C223672360024F9C7 /* Sources */,
				F11ADE1D223672360024F9C7 /* Frameworks */,
				F11ADE1E223672360024F9C7 /* Resources */,
				F1CE26722281E6E600441836 /* ShellScript */,
			);
			buildRules = (
			);
			dependencies = (
			);
			name = "ThemePark-example-macOS";
			productName = "ThemePark-example-macOS";
			productReference = F11ADE20223672360024F9C7 /* ThemePark-example-macOS.app */;
			productType = "com.apple.product-type.application";
		};
		F12BA13F205D2BDA006C1D56 /* ThemeTest */ = {
			isa = PBXNativeTarget;
			buildConfigurationList = F12BA152205D2BDA006C1D56 /* Build configuration list for PBXNativeTarget "ThemeTest" */;
			buildPhases = (
				F12BA13C205D2BDA006C1D56 /* Sources */,
				F12BA13D205D2BDA006C1D56 /* Frameworks */,
				F12BA13E205D2BDA006C1D56 /* Resources */,
				F114AE4721A6E06500942A28 /* Embed Frameworks */,
				F1CE266F2281E6CD00441836 /* ShellScript */,
			);
			buildRules = (
			);
			dependencies = (
			);
			name = ThemeTest;
			productName = ThemeTest;
			productReference = F12BA140205D2BDA006C1D56 /* ThemeTest.app */;
			productType = "com.apple.product-type.application";
		};
/* End PBXNativeTarget section */

/* Begin PBXProject section */
		F12BA138205D2BDA006C1D56 /* Project object */ = {
			isa = PBXProject;
			attributes = {
				LastSwiftUpdateCheck = 1010;
				LastUpgradeCheck = 1010;
				ORGANIZATIONNAME = futurelab;
				TargetAttributes = {
					F11ADE1F223672360024F9C7 = {
						CreatedOnToolsVersion = 10.1;
						ProvisioningStyle = Automatic;
					};
					F12BA13F205D2BDA006C1D56 = {
						CreatedOnToolsVersion = 9.2;
						LastSwiftMigration = 1010;
						ProvisioningStyle = Automatic;
					};
				};
			};
			buildConfigurationList = F12BA13B205D2BDA006C1D56 /* Build configuration list for PBXProject "ThemeTest" */;
			compatibilityVersion = "Xcode 8.0";
			developmentRegion = en;
			hasScannedForEncodings = 0;
			knownRegions = (
				en,
				Base,
			);
			mainGroup = F12BA137205D2BDA006C1D56;
			productRefGroup = F12BA141205D2BDA006C1D56 /* Products */;
			projectDirPath = "";
			projectRoot = "";
			targets = (
				F12BA13F205D2BDA006C1D56 /* ThemeTest */,
				F11ADE1F223672360024F9C7 /* ThemePark-example-macOS */,
			);
		};
/* End PBXProject section */

/* Begin PBXResourcesBuildPhase section */
		F11ADE1E223672360024F9C7 /* Resources */ = {
			isa = PBXResourcesBuildPhase;
			buildActionMask = 2147483647;
			files = (
				F11ADE252236723A0024F9C7 /* Assets.xcassets in Resources */,
				F11ADE282236723A0024F9C7 /* MainMenu.xib in Resources */,
				F11ADE37223675FB0024F9C7 /* assets.bundle in Resources */,
			);
			runOnlyForDeploymentPostprocessing = 0;
		};
		F12BA13E205D2BDA006C1D56 /* Resources */ = {
			isa = PBXResourcesBuildPhase;
			buildActionMask = 2147483647;
			files = (
				F12BA14E205D2BDA006C1D56 /* LaunchScreen.storyboard in Resources */,
				F12BA14B205D2BDA006C1D56 /* Assets.xcassets in Resources */,
				F12BA149205D2BDA006C1D56 /* Main.storyboard in Resources */,
				F11ADE38223676040024F9C7 /* assets.bundle in Resources */,
			);
			runOnlyForDeploymentPostprocessing = 0;
		};
/* End PBXResourcesBuildPhase section */

/* Begin PBXShellScriptBuildPhase section */
		F1CE266F2281E6CD00441836 /* ShellScript */ = {
			isa = PBXShellScriptBuildPhase;
			buildActionMask = 2147483647;
			files = (
			);
			inputFileListPaths = (
			);
			inputPaths = (
			);
			outputFileListPaths = (
			);
			outputPaths = (
			);
			runOnlyForDeploymentPostprocessing = 0;
			shellPath = /bin/sh;
			shellScript = "if which swiftlint >/dev/null; then\nswiftlint\nelse\necho \"warning: SwiftLint not installed, download from https://github.com/realm/SwiftLint\"\nfi\n";
		};
		F1CE26722281E6E600441836 /* ShellScript */ = {
			isa = PBXShellScriptBuildPhase;
			buildActionMask = 2147483647;
			files = (
			);
			inputFileListPaths = (
			);
			inputPaths = (
			);
			outputFileListPaths = (
			);
			outputPaths = (
			);
			runOnlyForDeploymentPostprocessing = 0;
			shellPath = /bin/sh;
			shellScript = "if which swiftlint >/dev/null; then\nswiftlint\nelse\necho \"warning: SwiftLint not installed, download from https://github.com/realm/SwiftLint\"\nfi\n";
		};
/* End PBXShellScriptBuildPhase section */

/* Begin PBXSourcesBuildPhase section */
		F11ADE1C223672360024F9C7 /* Sources */ = {
			isa = PBXSourcesBuildPhase;
			buildActionMask = 2147483647;
			files = (
				F1E6455E23940199008D2ABE /* FileParser.swift in Sources */,
				F1E6455923940199008D2ABE /* ColorTypes.swift in Sources */,
				F1E6457623940199008D2ABE /* Themeable+UISegmentedControl.swift in Sources */,
				F1E6456B23940199008D2ABE /* ThemeUtil+Animation.swift in Sources */,
				F1E6456723940199008D2ABE /* ThemeFontColorKind.swift in Sources */,
				F1E6456E23940199008D2ABE /* Themeable +UITVC.swift in Sources */,
				F1E6456023940199008D2ABE /* View+Extension.swift in Sources */,
				F1E6457323940199008D2ABE /* Themeable+UILabel.swift in Sources */,
				F1E6455F23940199008D2ABE /* FileWatcher.swift in Sources */,
				F1E6456923940199008D2ABE /* ThemeFontKind.swift in Sources */,
				F1E6456523940199008D2ABE /* DecodingTypes.swift in Sources */,
				F1E6457723940199008D2ABE /* Themeable+UISlider.swift in Sources */,
				F1E6455A23940199008D2ABE /* Colors.swift in Sources */,
				F1E6457123940199008D2ABE /* Themeable +UINavBar.swift in Sources */,
				F11ADE2F223672A50024F9C7 /* ThemeData.swift in Sources */,
				F11ADE31223672A50024F9C7 /* ThemeFont.swift in Sources */,
				F11ADE30223672A50024F9C7 /* ThemeColor.swift in Sources */,
				F1E6455C23940199008D2ABE /* Data+Extension.swift in Sources */,
				F11ADE2E223672A50024F9C7 /* CustomTheme.swift in Sources */,
				F11ADE32223672A50024F9C7 /* ThemeFontColor.swift in Sources */,
				F1E6457023940199008D2ABE /* Themeable +UITabBar.swift in Sources */,
				F11ADE33223672AB0024F9C7 /* Theme+Styles-DEPRECATED.swift in Sources */,
				F1E6456D23940199008D2ABE /* Themeable.swift in Sources */,
				F1E6457823940199008D2ABE /* Themeable+UIStepper.swift in Sources */,
				F11ADE23223672360024F9C7 /* AppDelegate.swift in Sources */,
				F1E6456323940199008D2ABE /* Theme.swift in Sources */,
				F1E6456A23940199008D2ABE /* ThemeUtil.swift in Sources */,
				F1E6457523940199008D2ABE /* Themeable+UISwitch.swift in Sources */,
				F1E6456123940199008D2ABE /* VC+Extension.swift in Sources */,
				F1E6457423940199008D2ABE /* Themeable+UITableViewCell.swift in Sources */,
				F1E6457923940199008D2ABE /* Themeable+UITextField.swift in Sources */,
				F1E6456423940199008D2ABE /* ThemeKind.swift in Sources */,
				F1E6455D23940199008D2ABE /* JSONUtil.swift in Sources */,
				F1E6455823940199008D2ABE /* ColorUtil.swift in Sources */,
				F1E6456C23940199008D2ABE /* Themeable+NSVC.swift in Sources */,
				F1E6456F23940199008D2ABE /* Themeable+UIVC.swift in Sources */,
				F1E6456623940199008D2ABE /* ThemeDataKind.swift in Sources */,
				F1E6455B23940199008D2ABE /* DecodingHelpers.swift in Sources */,
				F1E6456223940199008D2ABE /* Hybrid.swift in Sources */,
				F1E6456823940199008D2ABE /* ThemeColorKind.swift in Sources */,
				F1E6457223940199008D2ABE /* Themeable+UIButton.swift in Sources */,
			);
			runOnlyForDeploymentPostprocessing = 0;
		};
		F12BA13C205D2BDA006C1D56 /* Sources */ = {
			isa = PBXSourcesBuildPhase;
			buildActionMask = 2147483647;
			files = (
				F11ADDF9223571B30024F9C7 /* ThemeFontColor.swift in Sources */,
				F1E645882394019A008D2ABE /* ThemeDataKind.swift in Sources */,
				F1E645982394019A008D2ABE /* Themeable+UISegmentedControl.swift in Sources */,
				F1E6457E2394019A008D2ABE /* Data+Extension.swift in Sources */,
				F1E6457C2394019A008D2ABE /* Colors.swift in Sources */,
				F1E645872394019A008D2ABE /* DecodingTypes.swift in Sources */,
				F1E645832394019A008D2ABE /* VC+Extension.swift in Sources */,
				F1E645922394019A008D2ABE /* Themeable +UITabBar.swift in Sources */,
				F1E645972394019A008D2ABE /* Themeable+UISwitch.swift in Sources */,
				F1E6457D2394019A008D2ABE /* DecodingHelpers.swift in Sources */,
				F178DE1D205E878B001FD75E /* Main.swift in Sources */,
				F1E6458F2394019A008D2ABE /* Themeable.swift in Sources */,
				F1E645852394019A008D2ABE /* Theme.swift in Sources */,
				F11ADDFA223571B30024F9C7 /* Theme+Styles-DEPRECATED.swift in Sources */,
				F1E645892394019A008D2ABE /* ThemeFontColorKind.swift in Sources */,
				F1E6458C2394019A008D2ABE /* ThemeUtil.swift in Sources */,
				F1E645812394019A008D2ABE /* FileWatcher.swift in Sources */,
				F1E645912394019A008D2ABE /* Themeable+UIVC.swift in Sources */,
				F1E645902394019A008D2ABE /* Themeable +UITVC.swift in Sources */,
				F1E645862394019A008D2ABE /* ThemeKind.swift in Sources */,
				F1E6457A2394019A008D2ABE /* ColorUtil.swift in Sources */,
				F11ADDF6223571B30024F9C7 /* ThemeData.swift in Sources */,
				F1E645802394019A008D2ABE /* FileParser.swift in Sources */,
				F1E645932394019A008D2ABE /* Themeable +UINavBar.swift in Sources */,
				F1E6458D2394019A008D2ABE /* ThemeUtil+Animation.swift in Sources */,
				F1E645992394019A008D2ABE /* Themeable+UISlider.swift in Sources */,
				F1E6459B2394019A008D2ABE /* Themeable+UITextField.swift in Sources */,
				F178DE21205EB232001FD75E /* Settings.swift in Sources */,
				F1E6457B2394019A008D2ABE /* ColorTypes.swift in Sources */,
				F1E6458B2394019A008D2ABE /* ThemeFontKind.swift in Sources */,
				F1E645842394019A008D2ABE /* Hybrid.swift in Sources */,
				F1E6458A2394019A008D2ABE /* ThemeColorKind.swift in Sources */,
				F11ADDF8223571B30024F9C7 /* ThemeFont.swift in Sources */,
				F1E645962394019A008D2ABE /* Themeable+UITableViewCell.swift in Sources */,
				F11ADDF5223571B30024F9C7 /* CustomTheme.swift in Sources */,
				F1E6457F2394019A008D2ABE /* JSONUtil.swift in Sources */,
				F12BA144205D2BDA006C1D56 /* AppDelegate.swift in Sources */,
				F1E6458E2394019A008D2ABE /* Themeable+NSVC.swift in Sources */,
				F1E645822394019A008D2ABE /* View+Extension.swift in Sources */,
				F11ADDF7223571B30024F9C7 /* ThemeColor.swift in Sources */,
				F1E645942394019A008D2ABE /* Themeable+UIButton.swift in Sources */,
				F1E645952394019A008D2ABE /* Themeable+UILabel.swift in Sources */,
				F1E6459A2394019A008D2ABE /* Themeable+UIStepper.swift in Sources */,
			);
			runOnlyForDeploymentPostprocessing = 0;
		};
/* End PBXSourcesBuildPhase section */

/* Begin PBXVariantGroup section */
		F11ADE262236723A0024F9C7 /* MainMenu.xib */ = {
			isa = PBXVariantGroup;
			children = (
				F11ADE272236723A0024F9C7 /* Base */,
			);
			name = MainMenu.xib;
			sourceTree = "<group>";
		};
		F12BA147205D2BDA006C1D56 /* Main.storyboard */ = {
			isa = PBXVariantGroup;
			children = (
				F12BA148205D2BDA006C1D56 /* Base */,
			);
			name = Main.storyboard;
			sourceTree = "<group>";
		};
		F12BA14C205D2BDA006C1D56 /* LaunchScreen.storyboard */ = {
			isa = PBXVariantGroup;
			children = (
				F12BA14D205D2BDA006C1D56 /* Base */,
			);
			name = LaunchScreen.storyboard;
			sourceTree = "<group>";
		};
/* End PBXVariantGroup section */

/* Begin XCBuildConfiguration section */
		F11ADE2C2236723A0024F9C7 /* Debug */ = {
			isa = XCBuildConfiguration;
			buildSettings = {
				ASSETCATALOG_COMPILER_APPICON_NAME = AppIcon;
				CLANG_ENABLE_OBJC_WEAK = YES;
				CODE_SIGN_ENTITLEMENTS = "ThemePark-example-macOS/ThemePark_example_macOS.entitlements";
				CODE_SIGN_IDENTITY = "-";
				CODE_SIGN_STYLE = Automatic;
				COMBINE_HIDPI_IMAGES = YES;
				INFOPLIST_FILE = "ThemePark-example-macOS/Info.plist";
				LD_RUNPATH_SEARCH_PATHS = "$(inherited) @executable_path/../Frameworks";
				MACOSX_DEPLOYMENT_TARGET = 10.14;
				MTL_ENABLE_DEBUG_INFO = INCLUDE_SOURCE;
				MTL_FAST_MATH = YES;
				PRODUCT_BUNDLE_IDENTIFIER = "io.github.futurelab.ThemePark-example-macOS";
				PRODUCT_NAME = "$(TARGET_NAME)";
				SDKROOT = macosx;
				SWIFT_VERSION = 5.0;
			};
			name = Debug;
		};
		F11ADE2D2236723A0024F9C7 /* Release */ = {
			isa = XCBuildConfiguration;
			buildSettings = {
				ASSETCATALOG_COMPILER_APPICON_NAME = AppIcon;
				CLANG_ENABLE_OBJC_WEAK = YES;
				CODE_SIGN_ENTITLEMENTS = "ThemePark-example-macOS/ThemePark_example_macOS.entitlements";
				CODE_SIGN_IDENTITY = "-";
				CODE_SIGN_STYLE = Automatic;
				COMBINE_HIDPI_IMAGES = YES;
				INFOPLIST_FILE = "ThemePark-example-macOS/Info.plist";
				LD_RUNPATH_SEARCH_PATHS = "$(inherited) @executable_path/../Frameworks";
				MACOSX_DEPLOYMENT_TARGET = 10.14;
				MTL_FAST_MATH = YES;
				PRODUCT_BUNDLE_IDENTIFIER = "io.github.futurelab.ThemePark-example-macOS";
				PRODUCT_NAME = "$(TARGET_NAME)";
				SDKROOT = macosx;
				SWIFT_VERSION = 5.0;
			};
			name = Release;
		};
		F12BA150205D2BDA006C1D56 /* Debug */ = {
			isa = XCBuildConfiguration;
			buildSettings = {
				ALWAYS_SEARCH_USER_PATHS = NO;
				CLANG_ANALYZER_NONNULL = YES;
				CLANG_ANALYZER_NUMBER_OBJECT_CONVERSION = YES_AGGRESSIVE;
				CLANG_CXX_LANGUAGE_STANDARD = "gnu++14";
				CLANG_CXX_LIBRARY = "libc++";
				CLANG_ENABLE_MODULES = YES;
				CLANG_ENABLE_OBJC_ARC = YES;
				CLANG_WARN_BLOCK_CAPTURE_AUTORELEASING = YES;
				CLANG_WARN_BOOL_CONVERSION = YES;
				CLANG_WARN_COMMA = YES;
				CLANG_WARN_CONSTANT_CONVERSION = YES;
				CLANG_WARN_DEPRECATED_OBJC_IMPLEMENTATIONS = YES;
				CLANG_WARN_DIRECT_OBJC_ISA_USAGE = YES_ERROR;
				CLANG_WARN_DOCUMENTATION_COMMENTS = YES;
				CLANG_WARN_EMPTY_BODY = YES;
				CLANG_WARN_ENUM_CONVERSION = YES;
				CLANG_WARN_INFINITE_RECURSION = YES;
				CLANG_WARN_INT_CONVERSION = YES;
				CLANG_WARN_NON_LITERAL_NULL_CONVERSION = YES;
				CLANG_WARN_OBJC_IMPLICIT_RETAIN_SELF = YES;
				CLANG_WARN_OBJC_LITERAL_CONVERSION = YES;
				CLANG_WARN_OBJC_ROOT_CLASS = YES_ERROR;
				CLANG_WARN_RANGE_LOOP_ANALYSIS = YES;
				CLANG_WARN_STRICT_PROTOTYPES = YES;
				CLANG_WARN_SUSPICIOUS_MOVE = YES;
				CLANG_WARN_UNGUARDED_AVAILABILITY = YES_AGGRESSIVE;
				CLANG_WARN_UNREACHABLE_CODE = YES;
				CLANG_WARN__DUPLICATE_METHOD_MATCH = YES;
				CODE_SIGN_IDENTITY = "iPhone Developer";
				COPY_PHASE_STRIP = NO;
				DEBUG_INFORMATION_FORMAT = dwarf;
				ENABLE_STRICT_OBJC_MSGSEND = YES;
				ENABLE_TESTABILITY = YES;
				GCC_C_LANGUAGE_STANDARD = gnu11;
				GCC_DYNAMIC_NO_PIC = NO;
				GCC_NO_COMMON_BLOCKS = YES;
				GCC_OPTIMIZATION_LEVEL = 0;
				GCC_PREPROCESSOR_DEFINITIONS = (
					"DEBUG=1",
					"$(inherited)",
				);
				GCC_WARN_64_TO_32_BIT_CONVERSION = YES;
				GCC_WARN_ABOUT_RETURN_TYPE = YES_ERROR;
				GCC_WARN_UNDECLARED_SELECTOR = YES;
				GCC_WARN_UNINITIALIZED_AUTOS = YES_AGGRESSIVE;
				GCC_WARN_UNUSED_FUNCTION = YES;
				GCC_WARN_UNUSED_VARIABLE = YES;
				IPHONEOS_DEPLOYMENT_TARGET = 12.2;
				MTL_ENABLE_DEBUG_INFO = YES;
				ONLY_ACTIVE_ARCH = YES;
				SDKROOT = iphoneos;
				SWIFT_ACTIVE_COMPILATION_CONDITIONS = DEBUG;
				SWIFT_OPTIMIZATION_LEVEL = "-Onone";
			};
			name = Debug;
		};
		F12BA151205D2BDA006C1D56 /* Release */ = {
			isa = XCBuildConfiguration;
			buildSettings = {
				ALWAYS_SEARCH_USER_PATHS = NO;
				CLANG_ANALYZER_NONNULL = YES;
				CLANG_ANALYZER_NUMBER_OBJECT_CONVERSION = YES_AGGRESSIVE;
				CLANG_CXX_LANGUAGE_STANDARD = "gnu++14";
				CLANG_CXX_LIBRARY = "libc++";
				CLANG_ENABLE_MODULES = YES;
				CLANG_ENABLE_OBJC_ARC = YES;
				CLANG_WARN_BLOCK_CAPTURE_AUTORELEASING = YES;
				CLANG_WARN_BOOL_CONVERSION = YES;
				CLANG_WARN_COMMA = YES;
				CLANG_WARN_CONSTANT_CONVERSION = YES;
				CLANG_WARN_DEPRECATED_OBJC_IMPLEMENTATIONS = YES;
				CLANG_WARN_DIRECT_OBJC_ISA_USAGE = YES_ERROR;
				CLANG_WARN_DOCUMENTATION_COMMENTS = YES;
				CLANG_WARN_EMPTY_BODY = YES;
				CLANG_WARN_ENUM_CONVERSION = YES;
				CLANG_WARN_INFINITE_RECURSION = YES;
				CLANG_WARN_INT_CONVERSION = YES;
				CLANG_WARN_NON_LITERAL_NULL_CONVERSION = YES;
				CLANG_WARN_OBJC_IMPLICIT_RETAIN_SELF = YES;
				CLANG_WARN_OBJC_LITERAL_CONVERSION = YES;
				CLANG_WARN_OBJC_ROOT_CLASS = YES_ERROR;
				CLANG_WARN_RANGE_LOOP_ANALYSIS = YES;
				CLANG_WARN_STRICT_PROTOTYPES = YES;
				CLANG_WARN_SUSPICIOUS_MOVE = YES;
				CLANG_WARN_UNGUARDED_AVAILABILITY = YES_AGGRESSIVE;
				CLANG_WARN_UNREACHABLE_CODE = YES;
				CLANG_WARN__DUPLICATE_METHOD_MATCH = YES;
				CODE_SIGN_IDENTITY = "iPhone Developer";
				COPY_PHASE_STRIP = NO;
				DEBUG_INFORMATION_FORMAT = "dwarf-with-dsym";
				ENABLE_NS_ASSERTIONS = NO;
				ENABLE_STRICT_OBJC_MSGSEND = YES;
				GCC_C_LANGUAGE_STANDARD = gnu11;
				GCC_NO_COMMON_BLOCKS = YES;
				GCC_WARN_64_TO_32_BIT_CONVERSION = YES;
				GCC_WARN_ABOUT_RETURN_TYPE = YES_ERROR;
				GCC_WARN_UNDECLARED_SELECTOR = YES;
				GCC_WARN_UNINITIALIZED_AUTOS = YES_AGGRESSIVE;
				GCC_WARN_UNUSED_FUNCTION = YES;
				GCC_WARN_UNUSED_VARIABLE = YES;
				IPHONEOS_DEPLOYMENT_TARGET = 12.2;
				MTL_ENABLE_DEBUG_INFO = NO;
				SDKROOT = iphoneos;
				SWIFT_OPTIMIZATION_LEVEL = "-Owholemodule";
				VALIDATE_PRODUCT = YES;
			};
			name = Release;
		};
		F12BA153205D2BDA006C1D56 /* Debug */ = {
			isa = XCBuildConfiguration;
			buildSettings = {
				ALWAYS_EMBED_SWIFT_STANDARD_LIBRARIES = YES;
				ASSETCATALOG_COMPILER_APPICON_NAME = AppIcon;
				CODE_SIGN_STYLE = Automatic;
				INFOPLIST_FILE = ThemeTest/Info.plist;
				IPHONEOS_DEPLOYMENT_TARGET = 12.2;
				LD_RUNPATH_SEARCH_PATHS = "$(inherited) @executable_path/Frameworks";
				PRODUCT_BUNDLE_IDENTIFIER = io.futurelab.ThemeTest;
				PRODUCT_NAME = "$(TARGET_NAME)";
				SWIFT_VERSION = 5.0;
				TARGETED_DEVICE_FAMILY = "1,2";
			};
			name = Debug;
		};
		F12BA154205D2BDA006C1D56 /* Release */ = {
			isa = XCBuildConfiguration;
			buildSettings = {
				ALWAYS_EMBED_SWIFT_STANDARD_LIBRARIES = YES;
				ASSETCATALOG_COMPILER_APPICON_NAME = AppIcon;
				CODE_SIGN_STYLE = Automatic;
				INFOPLIST_FILE = ThemeTest/Info.plist;
				IPHONEOS_DEPLOYMENT_TARGET = 12.2;
				LD_RUNPATH_SEARCH_PATHS = "$(inherited) @executable_path/Frameworks";
				PRODUCT_BUNDLE_IDENTIFIER = io.futurelab.ThemeTest;
				PRODUCT_NAME = "$(TARGET_NAME)";
				SWIFT_VERSION = 5.0;
				TARGETED_DEVICE_FAMILY = "1,2";
			};
			name = Release;
		};
/* End XCBuildConfiguration section */

/* Begin XCConfigurationList section */
		F11ADE2B2236723A0024F9C7 /* Build configuration list for PBXNativeTarget "ThemePark-example-macOS" */ = {
			isa = XCConfigurationList;
			buildConfigurations = (
				F11ADE2C2236723A0024F9C7 /* Debug */,
				F11ADE2D2236723A0024F9C7 /* Release */,
			);
			defaultConfigurationIsVisible = 0;
			defaultConfigurationName = Release;
		};
		F12BA13B205D2BDA006C1D56 /* Build configuration list for PBXProject "ThemeTest" */ = {
			isa = XCConfigurationList;
			buildConfigurations = (
				F12BA150205D2BDA006C1D56 /* Debug */,
				F12BA151205D2BDA006C1D56 /* Release */,
			);
			defaultConfigurationIsVisible = 0;
			defaultConfigurationName = Release;
		};
		F12BA152205D2BDA006C1D56 /* Build configuration list for PBXNativeTarget "ThemeTest" */ = {
			isa = XCConfigurationList;
			buildConfigurations = (
				F12BA153205D2BDA006C1D56 /* Debug */,
				F12BA154205D2BDA006C1D56 /* Release */,
			);
			defaultConfigurationIsVisible = 0;
			defaultConfigurationName = Release;
		};
/* End XCConfigurationList section */
	};
	rootObject = F12BA138205D2BDA006C1D56 /* Project object */;
}
