// !$*UTF8*$!
{
	archiveVersion = 1;
	classes = {
	};
	objectVersion = 48;
	objects = {

/* Begin PBXBuildFile section */
		F114AE3F21A6E06500942A28 /* ThemePark.h in Headers */ = {isa = PBXBuildFile; fileRef = F114AE3D21A6E06500942A28 /* ThemePark.h */; settings = {ATTRIBUTES = (Public, ); }; };
		F114AE4221A6E06500942A28 /* ThemePark.framework in Frameworks */ = {isa = PBXBuildFile; fileRef = F114AE3B21A6E06500942A28 /* ThemePark.framework */; };
		F114AE4321A6E06500942A28 /* ThemePark.framework in Embed Frameworks */ = {isa = PBXBuildFile; fileRef = F114AE3B21A6E06500942A28 /* ThemePark.framework */; settings = {ATTRIBUTES = (CodeSignOnCopy, RemoveHeadersOnCopy, ); }; };
		F114AE4921A6E0AE00942A28 /* FileWatcher.swift in Sources */ = {isa = PBXBuildFile; fileRef = F114C2CE2062961D00C21A3D /* FileWatcher.swift */; };
		F114AE4A21A6E0AE00942A28 /* JSONUtil.swift in Sources */ = {isa = PBXBuildFile; fileRef = F120F5A6206122520088CC57 /* JSONUtil.swift */; };
		F114AE4B21A6E0AE00942A28 /* ColorUtils.swift in Sources */ = {isa = PBXBuildFile; fileRef = F120F5AA206134690088CC57 /* ColorUtils.swift */; };
		F114AE4C21A6E0AE00942A28 /* ColorTypes.swift in Sources */ = {isa = PBXBuildFile; fileRef = F120F5AD206136CD0088CC57 /* ColorTypes.swift */; };
		F114AE4D21A6E0AE00942A28 /* Colors.swift in Sources */ = {isa = PBXBuildFile; fileRef = F120F5AE206136CD0088CC57 /* Colors.swift */; };
		F114AE4E21A6E0AE00942A28 /* Range+Extension.swift in Sources */ = {isa = PBXBuildFile; fileRef = F120F5B1206138840088CC57 /* Range+Extension.swift */; };
		F114AE4F21A6E0AE00942A28 /* Theme.swift in Sources */ = {isa = PBXBuildFile; fileRef = F120F5A8206122E10088CC57 /* Theme.swift */; };
		F114AE5021A6E0AE00942A28 /* ThemeUtil.swift in Sources */ = {isa = PBXBuildFile; fileRef = F12BA158205D30A1006C1D56 /* ThemeUtil.swift */; };
		F114AE5121A6E0AE00942A28 /* Theme+Styles.swift in Sources */ = {isa = PBXBuildFile; fileRef = F178DE1E205E8E2C001FD75E /* Theme+Styles.swift */; };
		F11ADD4F223470800024F9C7 /* Data+Extension.swift in Sources */ = {isa = PBXBuildFile; fileRef = F11ADD4E223470800024F9C7 /* Data+Extension.swift */; };
		F11ADD512234709F0024F9C7 /* FileParser.swift in Sources */ = {isa = PBXBuildFile; fileRef = F11ADD502234709F0024F9C7 /* FileParser.swift */; };
		F11ADD53223471000024F9C7 /* StringParser.swift in Sources */ = {isa = PBXBuildFile; fileRef = F11ADD52223471000024F9C7 /* StringParser.swift */; };
		F11ADD56223471250024F9C7 /* String+Extension.swift in Sources */ = {isa = PBXBuildFile; fileRef = F11ADD55223471250024F9C7 /* String+Extension.swift */; };
		F11ADD5B2235113B0024F9C7 /* Themeable.swift in Sources */ = {isa = PBXBuildFile; fileRef = F11ADD5A2235113B0024F9C7 /* Themeable.swift */; };
		F11ADD5D2235118E0024F9C7 /* View+Extension.swift in Sources */ = {isa = PBXBuildFile; fileRef = F11ADD5C2235118E0024F9C7 /* View+Extension.swift */; };
		F11ADD5F2235128E0024F9C7 /* Config.swift in Sources */ = {isa = PBXBuildFile; fileRef = F11ADD5E2235128E0024F9C7 /* Config.swift */; };
		F11ADD61223514380024F9C7 /* VC+Extension.swift in Sources */ = {isa = PBXBuildFile; fileRef = F11ADD60223514380024F9C7 /* VC+Extension.swift */; };
		F11ADD64223514BE0024F9C7 /* ThemeColor.swift in Sources */ = {isa = PBXBuildFile; fileRef = F11ADD63223514BE0024F9C7 /* ThemeColor.swift */; };
		F11ADD66223514E30024F9C7 /* ThemeFontColor.swift in Sources */ = {isa = PBXBuildFile; fileRef = F11ADD65223514E30024F9C7 /* ThemeFontColor.swift */; };
		F11ADD68223515060024F9C7 /* ThemeFont.swift in Sources */ = {isa = PBXBuildFile; fileRef = F11ADD67223515060024F9C7 /* ThemeFont.swift */; };
		F11ADD6A2235152A0024F9C7 /* DecodableFont.swift in Sources */ = {isa = PBXBuildFile; fileRef = F11ADD692235152A0024F9C7 /* DecodableFont.swift */; };
		F11ADD6D223515A50024F9C7 /* Themeable+UIButton.swift in Sources */ = {isa = PBXBuildFile; fileRef = F11ADD6C223515A50024F9C7 /* Themeable+UIButton.swift */; };
		F11ADD6F223515C00024F9C7 /* Themeable+UILabel.swift in Sources */ = {isa = PBXBuildFile; fileRef = F11ADD6E223515C00024F9C7 /* Themeable+UILabel.swift */; };
		F11ADD71223515D20024F9C7 /* Themeable+UITableViewCell.swift in Sources */ = {isa = PBXBuildFile; fileRef = F11ADD70223515D20024F9C7 /* Themeable+UITableViewCell.swift */; };
		F11ADD73223515DD0024F9C7 /* Themeable+UISwitch.swift in Sources */ = {isa = PBXBuildFile; fileRef = F11ADD72223515DD0024F9C7 /* Themeable+UISwitch.swift */; };
		F11ADD75223515E90024F9C7 /* Themeable+UISegmentedControl.swift in Sources */ = {isa = PBXBuildFile; fileRef = F11ADD74223515E90024F9C7 /* Themeable+UISegmentedControl.swift */; };
		F11ADD77223515FB0024F9C7 /* Themeable+UISlider.swift in Sources */ = {isa = PBXBuildFile; fileRef = F11ADD76223515FB0024F9C7 /* Themeable+UISlider.swift */; };
		F11ADD792235160F0024F9C7 /* Themeable+UIStepper.swift in Sources */ = {isa = PBXBuildFile; fileRef = F11ADD782235160F0024F9C7 /* Themeable+UIStepper.swift */; };
		F11ADD7B2235161B0024F9C7 /* Themeable+UITextField.swift in Sources */ = {isa = PBXBuildFile; fileRef = F11ADD7A2235161B0024F9C7 /* Themeable+UITextField.swift */; };
		F11ADD7D223516870024F9C7 /* Themeable +UITVC.swift in Sources */ = {isa = PBXBuildFile; fileRef = F11ADD7C223516870024F9C7 /* Themeable +UITVC.swift */; };
		F11ADD80223518700024F9C7 /* Themeable +UITabBar.swift in Sources */ = {isa = PBXBuildFile; fileRef = F11ADD7F223518700024F9C7 /* Themeable +UITabBar.swift */; };
		F11ADD822235189F0024F9C7 /* Themeable +UINavBar.swift in Sources */ = {isa = PBXBuildFile; fileRef = F11ADD812235189F0024F9C7 /* Themeable +UINavBar.swift */; };
		F120F5A4206120EE0088CC57 /* assets.bundle in Resources */ = {isa = PBXBuildFile; fileRef = F120F5A3206120EE0088CC57 /* assets.bundle */; };
		F12BA144205D2BDA006C1D56 /* AppDelegate.swift in Sources */ = {isa = PBXBuildFile; fileRef = F12BA143205D2BDA006C1D56 /* AppDelegate.swift */; };
		F12BA149205D2BDA006C1D56 /* Main.storyboard in Resources */ = {isa = PBXBuildFile; fileRef = F12BA147205D2BDA006C1D56 /* Main.storyboard */; };
		F12BA14B205D2BDA006C1D56 /* Assets.xcassets in Resources */ = {isa = PBXBuildFile; fileRef = F12BA14A205D2BDA006C1D56 /* Assets.xcassets */; };
		F12BA14E205D2BDA006C1D56 /* LaunchScreen.storyboard in Resources */ = {isa = PBXBuildFile; fileRef = F12BA14C205D2BDA006C1D56 /* LaunchScreen.storyboard */; };
		F178DE1D205E878B001FD75E /* Main.swift in Sources */ = {isa = PBXBuildFile; fileRef = F178DE1C205E878B001FD75E /* Main.swift */; };
		F178DE21205EB232001FD75E /* Settings.swift in Sources */ = {isa = PBXBuildFile; fileRef = F178DE20205EB232001FD75E /* Settings.swift */; };
/* End PBXBuildFile section */

/* Begin PBXContainerItemProxy section */
		F114AE4021A6E06500942A28 /* PBXContainerItemProxy */ = {
			isa = PBXContainerItemProxy;
			containerPortal = F12BA138205D2BDA006C1D56 /* Project object */;
			proxyType = 1;
			remoteGlobalIDString = F114AE3A21A6E06500942A28;
			remoteInfo = ThemePark;
		};
/* End PBXContainerItemProxy section */

/* Begin PBXCopyFilesBuildPhase section */
		F114AE4721A6E06500942A28 /* Embed Frameworks */ = {
			isa = PBXCopyFilesBuildPhase;
			buildActionMask = 2147483647;
			dstPath = "";
			dstSubfolderSpec = 10;
			files = (
				F114AE4321A6E06500942A28 /* ThemePark.framework in Embed Frameworks */,
			);
			name = "Embed Frameworks";
			runOnlyForDeploymentPostprocessing = 0;
		};
/* End PBXCopyFilesBuildPhase section */

/* Begin PBXFileReference section */
		F114AE3B21A6E06500942A28 /* ThemePark.framework */ = {isa = PBXFileReference; explicitFileType = wrapper.framework; includeInIndex = 0; path = ThemePark.framework; sourceTree = BUILT_PRODUCTS_DIR; };
		F114AE3D21A6E06500942A28 /* ThemePark.h */ = {isa = PBXFileReference; lastKnownFileType = sourcecode.c.h; path = ThemePark.h; sourceTree = "<group>"; };
		F114AE3E21A6E06500942A28 /* Info.plist */ = {isa = PBXFileReference; lastKnownFileType = text.plist.xml; path = Info.plist; sourceTree = "<group>"; };
		F114C2CE2062961D00C21A3D /* FileWatcher.swift */ = {isa = PBXFileReference; lastKnownFileType = sourcecode.swift; path = FileWatcher.swift; sourceTree = "<group>"; };
		F11ADD4E223470800024F9C7 /* Data+Extension.swift */ = {isa = PBXFileReference; lastKnownFileType = sourcecode.swift; path = "Data+Extension.swift"; sourceTree = "<group>"; };
		F11ADD502234709F0024F9C7 /* FileParser.swift */ = {isa = PBXFileReference; lastKnownFileType = sourcecode.swift; path = FileParser.swift; sourceTree = "<group>"; };
		F11ADD52223471000024F9C7 /* StringParser.swift */ = {isa = PBXFileReference; lastKnownFileType = sourcecode.swift; path = StringParser.swift; sourceTree = "<group>"; };
		F11ADD55223471250024F9C7 /* String+Extension.swift */ = {isa = PBXFileReference; lastKnownFileType = sourcecode.swift; path = "String+Extension.swift"; sourceTree = "<group>"; };
		F11ADD5A2235113B0024F9C7 /* Themeable.swift */ = {isa = PBXFileReference; lastKnownFileType = sourcecode.swift; path = Themeable.swift; sourceTree = "<group>"; };
		F11ADD5C2235118E0024F9C7 /* View+Extension.swift */ = {isa = PBXFileReference; lastKnownFileType = sourcecode.swift; path = "View+Extension.swift"; sourceTree = "<group>"; };
		F11ADD5E2235128E0024F9C7 /* Config.swift */ = {isa = PBXFileReference; lastKnownFileType = sourcecode.swift; path = Config.swift; sourceTree = "<group>"; };
		F11ADD60223514380024F9C7 /* VC+Extension.swift */ = {isa = PBXFileReference; lastKnownFileType = sourcecode.swift; path = "VC+Extension.swift"; sourceTree = "<group>"; };
		F11ADD63223514BE0024F9C7 /* ThemeColor.swift */ = {isa = PBXFileReference; lastKnownFileType = sourcecode.swift; path = ThemeColor.swift; sourceTree = "<group>"; };
		F11ADD65223514E30024F9C7 /* ThemeFontColor.swift */ = {isa = PBXFileReference; lastKnownFileType = sourcecode.swift; path = ThemeFontColor.swift; sourceTree = "<group>"; };
		F11ADD67223515060024F9C7 /* ThemeFont.swift */ = {isa = PBXFileReference; lastKnownFileType = sourcecode.swift; path = ThemeFont.swift; sourceTree = "<group>"; };
		F11ADD692235152A0024F9C7 /* DecodableFont.swift */ = {isa = PBXFileReference; lastKnownFileType = sourcecode.swift; path = DecodableFont.swift; sourceTree = "<group>"; };
		F11ADD6C223515A50024F9C7 /* Themeable+UIButton.swift */ = {isa = PBXFileReference; lastKnownFileType = sourcecode.swift; path = "Themeable+UIButton.swift"; sourceTree = "<group>"; };
		F11ADD6E223515C00024F9C7 /* Themeable+UILabel.swift */ = {isa = PBXFileReference; lastKnownFileType = sourcecode.swift; path = "Themeable+UILabel.swift"; sourceTree = "<group>"; };
		F11ADD70223515D20024F9C7 /* Themeable+UITableViewCell.swift */ = {isa = PBXFileReference; lastKnownFileType = sourcecode.swift; path = "Themeable+UITableViewCell.swift"; sourceTree = "<group>"; };
		F11ADD72223515DD0024F9C7 /* Themeable+UISwitch.swift */ = {isa = PBXFileReference; lastKnownFileType = sourcecode.swift; path = "Themeable+UISwitch.swift"; sourceTree = "<group>"; };
		F11ADD74223515E90024F9C7 /* Themeable+UISegmentedControl.swift */ = {isa = PBXFileReference; lastKnownFileType = sourcecode.swift; path = "Themeable+UISegmentedControl.swift"; sourceTree = "<group>"; };
		F11ADD76223515FB0024F9C7 /* Themeable+UISlider.swift */ = {isa = PBXFileReference; lastKnownFileType = sourcecode.swift; path = "Themeable+UISlider.swift"; sourceTree = "<group>"; };
		F11ADD782235160F0024F9C7 /* Themeable+UIStepper.swift */ = {isa = PBXFileReference; lastKnownFileType = sourcecode.swift; path = "Themeable+UIStepper.swift"; sourceTree = "<group>"; };
		F11ADD7A2235161B0024F9C7 /* Themeable+UITextField.swift */ = {isa = PBXFileReference; lastKnownFileType = sourcecode.swift; path = "Themeable+UITextField.swift"; sourceTree = "<group>"; };
		F11ADD7C223516870024F9C7 /* Themeable +UITVC.swift */ = {isa = PBXFileReference; lastKnownFileType = sourcecode.swift; path = "Themeable +UITVC.swift"; sourceTree = "<group>"; };
		F11ADD7F223518700024F9C7 /* Themeable +UITabBar.swift */ = {isa = PBXFileReference; lastKnownFileType = sourcecode.swift; path = "Themeable +UITabBar.swift"; sourceTree = "<group>"; };
		F11ADD812235189F0024F9C7 /* Themeable +UINavBar.swift */ = {isa = PBXFileReference; lastKnownFileType = sourcecode.swift; path = "Themeable +UINavBar.swift"; sourceTree = "<group>"; };
		F120F5A3206120EE0088CC57 /* assets.bundle */ = {isa = PBXFileReference; lastKnownFileType = "wrapper.plug-in"; path = assets.bundle; sourceTree = "<group>"; };
		F120F5A6206122520088CC57 /* JSONUtil.swift */ = {isa = PBXFileReference; lastKnownFileType = sourcecode.swift; path = JSONUtil.swift; sourceTree = "<group>"; };
		F120F5A8206122E10088CC57 /* Theme.swift */ = {isa = PBXFileReference; lastKnownFileType = sourcecode.swift; path = Theme.swift; sourceTree = "<group>"; };
		F120F5AA206134690088CC57 /* ColorUtils.swift */ = {isa = PBXFileReference; lastKnownFileType = sourcecode.swift; path = ColorUtils.swift; sourceTree = "<group>"; };
		F120F5AD206136CD0088CC57 /* ColorTypes.swift */ = {isa = PBXFileReference; fileEncoding = 4; lastKnownFileType = sourcecode.swift; path = ColorTypes.swift; sourceTree = "<group>"; };
		F120F5AE206136CD0088CC57 /* Colors.swift */ = {isa = PBXFileReference; fileEncoding = 4; lastKnownFileType = sourcecode.swift; path = Colors.swift; sourceTree = "<group>"; };
		F120F5B1206138840088CC57 /* Range+Extension.swift */ = {isa = PBXFileReference; lastKnownFileType = sourcecode.swift; path = "Range+Extension.swift"; sourceTree = "<group>"; };
		F12BA140205D2BDA006C1D56 /* ThemeTest.app */ = {isa = PBXFileReference; explicitFileType = wrapper.application; includeInIndex = 0; path = ThemeTest.app; sourceTree = BUILT_PRODUCTS_DIR; };
		F12BA143205D2BDA006C1D56 /* AppDelegate.swift */ = {isa = PBXFileReference; lastKnownFileType = sourcecode.swift; path = AppDelegate.swift; sourceTree = "<group>"; };
		F12BA148205D2BDA006C1D56 /* Base */ = {isa = PBXFileReference; lastKnownFileType = file.storyboard; name = Base; path = Base.lproj/Main.storyboard; sourceTree = "<group>"; };
		F12BA14A205D2BDA006C1D56 /* Assets.xcassets */ = {isa = PBXFileReference; lastKnownFileType = folder.assetcatalog; path = Assets.xcassets; sourceTree = "<group>"; };
		F12BA14D205D2BDA006C1D56 /* Base */ = {isa = PBXFileReference; lastKnownFileType = file.storyboard; name = Base; path = Base.lproj/LaunchScreen.storyboard; sourceTree = "<group>"; };
		F12BA14F205D2BDA006C1D56 /* Info.plist */ = {isa = PBXFileReference; lastKnownFileType = text.plist.xml; path = Info.plist; sourceTree = "<group>"; };
		F12BA158205D30A1006C1D56 /* ThemeUtil.swift */ = {isa = PBXFileReference; lastKnownFileType = sourcecode.swift; path = ThemeUtil.swift; sourceTree = "<group>"; };
		F178DE1C205E878B001FD75E /* Main.swift */ = {isa = PBXFileReference; lastKnownFileType = sourcecode.swift; path = Main.swift; sourceTree = "<group>"; };
		F178DE1E205E8E2C001FD75E /* Theme+Styles.swift */ = {isa = PBXFileReference; lastKnownFileType = sourcecode.swift; path = "Theme+Styles.swift"; sourceTree = "<group>"; };
		F178DE20205EB232001FD75E /* Settings.swift */ = {isa = PBXFileReference; lastKnownFileType = sourcecode.swift; path = Settings.swift; sourceTree = "<group>"; };
/* End PBXFileReference section */

/* Begin PBXFrameworksBuildPhase section */
		F114AE3821A6E06500942A28 /* Frameworks */ = {
			isa = PBXFrameworksBuildPhase;
			buildActionMask = 2147483647;
			files = (
			);
			runOnlyForDeploymentPostprocessing = 0;
		};
		F12BA13D205D2BDA006C1D56 /* Frameworks */ = {
			isa = PBXFrameworksBuildPhase;
			buildActionMask = 2147483647;
			files = (
				F114AE4221A6E06500942A28 /* ThemePark.framework in Frameworks */,
			);
			runOnlyForDeploymentPostprocessing = 0;
		};
/* End PBXFrameworksBuildPhase section */

/* Begin PBXGroup section */
		F114AE3C21A6E06500942A28 /* ThemePark */ = {
			isa = PBXGroup;
			children = (
				F114AE3D21A6E06500942A28 /* ThemePark.h */,
				F114AE3E21A6E06500942A28 /* Info.plist */,
			);
			path = ThemePark;
			sourceTree = "<group>";
		};
		F114AE4821A6E08500942A28 /* src */ = {
			isa = PBXGroup;
			children = (
				F11ADD4D223470430024F9C7 /* common */,
				F12BA155205D3085006C1D56 /* theme */,
			);
			path = src;
			sourceTree = "<group>";
		};
		F11ADD4D223470430024F9C7 /* common */ = {
			isa = PBXGroup;
			children = (
				F120F5AC206136CD0088CC57 /* color */,
				F11ADD4E223470800024F9C7 /* Data+Extension.swift */,
				F11ADD54223471180024F9C7 /* string */,
				F120F5A6206122520088CC57 /* JSONUtil.swift */,
				F11ADD502234709F0024F9C7 /* FileParser.swift */,
				F114C2CE2062961D00C21A3D /* FileWatcher.swift */,
				F120F5B1206138840088CC57 /* Range+Extension.swift */,
				F11ADD5C2235118E0024F9C7 /* View+Extension.swift */,
				F11ADD60223514380024F9C7 /* VC+Extension.swift */,
			);
			path = common;
			sourceTree = "<group>";
		};
		F11ADD54223471180024F9C7 /* string */ = {
			isa = PBXGroup;
			children = (
				F11ADD52223471000024F9C7 /* StringParser.swift */,
				F11ADD55223471250024F9C7 /* String+Extension.swift */,
			);
			path = string;
			sourceTree = "<group>";
		};
		F11ADD57223510E50024F9C7 /* util */ = {
			isa = PBXGroup;
			children = (
				F12BA158205D30A1006C1D56 /* ThemeUtil.swift */,
			);
			path = util;
			sourceTree = "<group>";
		};
		F11ADD58223510F30024F9C7 /* style */ = {
			isa = PBXGroup;
			children = (
				F178DE1E205E8E2C001FD75E /* Theme+Styles.swift */,
			);
			path = style;
			sourceTree = "<group>";
		};
		F11ADD62223514AE0024F9C7 /* decode */ = {
			isa = PBXGroup;
			children = (
				F120F5A8206122E10088CC57 /* Theme.swift */,
				F11ADD63223514BE0024F9C7 /* ThemeColor.swift */,
				F11ADD692235152A0024F9C7 /* DecodableFont.swift */,
				F11ADD67223515060024F9C7 /* ThemeFont.swift */,
				F11ADD65223514E30024F9C7 /* ThemeFontColor.swift */,
			);
			path = decode;
			sourceTree = "<group>";
		};
		F11ADD6B223515810024F9C7 /* themeable */ = {
			isa = PBXGroup;
			children = (
				F11ADD5A2235113B0024F9C7 /* Themeable.swift */,
				F11ADD6C223515A50024F9C7 /* Themeable+UIButton.swift */,
				F11ADD6E223515C00024F9C7 /* Themeable+UILabel.swift */,
				F11ADD70223515D20024F9C7 /* Themeable+UITableViewCell.swift */,
				F11ADD72223515DD0024F9C7 /* Themeable+UISwitch.swift */,
				F11ADD74223515E90024F9C7 /* Themeable+UISegmentedControl.swift */,
				F11ADD76223515FB0024F9C7 /* Themeable+UISlider.swift */,
				F11ADD782235160F0024F9C7 /* Themeable+UIStepper.swift */,
				F11ADD7A2235161B0024F9C7 /* Themeable+UITextField.swift */,
				F11ADD7E223518590024F9C7 /* vc */,
			);
			path = themeable;
			sourceTree = "<group>";
		};
		F11ADD7E223518590024F9C7 /* vc */ = {
			isa = PBXGroup;
			children = (
				F11ADD7C223516870024F9C7 /* Themeable +UITVC.swift */,
				F11ADD7F223518700024F9C7 /* Themeable +UITabBar.swift */,
				F11ADD812235189F0024F9C7 /* Themeable +UINavBar.swift */,
			);
			path = vc;
			sourceTree = "<group>";
		};
		F120F5AC206136CD0088CC57 /* color */ = {
			isa = PBXGroup;
			children = (
				F120F5AA206134690088CC57 /* ColorUtils.swift */,
				F120F5AD206136CD0088CC57 /* ColorTypes.swift */,
				F120F5AE206136CD0088CC57 /* Colors.swift */,
			);
			path = color;
			sourceTree = "<group>";
		};
		F12BA137205D2BDA006C1D56 = {
			isa = PBXGroup;
			children = (
				F114AE4821A6E08500942A28 /* src */,
				F12BA142205D2BDA006C1D56 /* ThemeTest */,
				F114AE3C21A6E06500942A28 /* ThemePark */,
				F12BA141205D2BDA006C1D56 /* Products */,
			);
			sourceTree = "<group>";
		};
		F12BA141205D2BDA006C1D56 /* Products */ = {
			isa = PBXGroup;
			children = (
				F12BA140205D2BDA006C1D56 /* ThemeTest.app */,
				F114AE3B21A6E06500942A28 /* ThemePark.framework */,
			);
			name = Products;
			sourceTree = "<group>";
		};
		F12BA142205D2BDA006C1D56 /* ThemeTest */ = {
			isa = PBXGroup;
			children = (
				F12BA143205D2BDA006C1D56 /* AppDelegate.swift */,
				F178DE1C205E878B001FD75E /* Main.swift */,
				F178DE20205EB232001FD75E /* Settings.swift */,
				F12BA147205D2BDA006C1D56 /* Main.storyboard */,
				F12BA14A205D2BDA006C1D56 /* Assets.xcassets */,
				F120F5A3206120EE0088CC57 /* assets.bundle */,
				F12BA14C205D2BDA006C1D56 /* LaunchScreen.storyboard */,
				F12BA14F205D2BDA006C1D56 /* Info.plist */,
			);
			path = ThemeTest;
			sourceTree = "<group>";
		};
		F12BA155205D3085006C1D56 /* theme */ = {
			isa = PBXGroup;
			children = (
				F11ADD62223514AE0024F9C7 /* decode */,
				F11ADD57223510E50024F9C7 /* util */,
				F11ADD58223510F30024F9C7 /* style */,
				F11ADD6B223515810024F9C7 /* themeable */,
				F11ADD5E2235128E0024F9C7 /* Config.swift */,
			);
			path = theme;
			sourceTree = "<group>";
		};
/* End PBXGroup section */

/* Begin PBXHeadersBuildPhase section */
		F114AE3621A6E06500942A28 /* Headers */ = {
			isa = PBXHeadersBuildPhase;
			buildActionMask = 2147483647;
			files = (
				F114AE3F21A6E06500942A28 /* ThemePark.h in Headers */,
			);
			runOnlyForDeploymentPostprocessing = 0;
		};
/* End PBXHeadersBuildPhase section */

/* Begin PBXNativeTarget section */
		F114AE3A21A6E06500942A28 /* ThemePark */ = {
			isa = PBXNativeTarget;
			buildConfigurationList = F114AE4621A6E06500942A28 /* Build configuration list for PBXNativeTarget "ThemePark" */;
			buildPhases = (
				F114AE3621A6E06500942A28 /* Headers */,
				F114AE3721A6E06500942A28 /* Sources */,
				F114AE3821A6E06500942A28 /* Frameworks */,
				F114AE3921A6E06500942A28 /* Resources */,
			);
			buildRules = (
			);
			dependencies = (
			);
			name = ThemePark;
			productName = ThemePark;
			productReference = F114AE3B21A6E06500942A28 /* ThemePark.framework */;
			productType = "com.apple.product-type.framework";
		};
		F12BA13F205D2BDA006C1D56 /* ThemeTest */ = {
			isa = PBXNativeTarget;
			buildConfigurationList = F12BA152205D2BDA006C1D56 /* Build configuration list for PBXNativeTarget "ThemeTest" */;
			buildPhases = (
				F12BA13C205D2BDA006C1D56 /* Sources */,
				F12BA13D205D2BDA006C1D56 /* Frameworks */,
				F12BA13E205D2BDA006C1D56 /* Resources */,
				F114AE4721A6E06500942A28 /* Embed Frameworks */,
			);
			buildRules = (
			);
			dependencies = (
				F114AE4121A6E06500942A28 /* PBXTargetDependency */,
			);
			name = ThemeTest;
			productName = ThemeTest;
			productReference = F12BA140205D2BDA006C1D56 /* ThemeTest.app */;
			productType = "com.apple.product-type.application";
		};
/* End PBXNativeTarget section */

/* Begin PBXProject section */
		F12BA138205D2BDA006C1D56 /* Project object */ = {
			isa = PBXProject;
			attributes = {
				LastSwiftUpdateCheck = 0920;
				LastUpgradeCheck = 0920;
				ORGANIZATIONNAME = futurelab;
				TargetAttributes = {
					F114AE3A21A6E06500942A28 = {
						CreatedOnToolsVersion = 10.0;
						ProvisioningStyle = Automatic;
					};
					F12BA13F205D2BDA006C1D56 = {
						CreatedOnToolsVersion = 9.2;
						ProvisioningStyle = Automatic;
					};
				};
			};
			buildConfigurationList = F12BA13B205D2BDA006C1D56 /* Build configuration list for PBXProject "ThemeTest" */;
			compatibilityVersion = "Xcode 8.0";
			developmentRegion = en;
			hasScannedForEncodings = 0;
			knownRegions = (
				en,
				Base,
			);
			mainGroup = F12BA137205D2BDA006C1D56;
			productRefGroup = F12BA141205D2BDA006C1D56 /* Products */;
			projectDirPath = "";
			projectRoot = "";
			targets = (
				F12BA13F205D2BDA006C1D56 /* ThemeTest */,
				F114AE3A21A6E06500942A28 /* ThemePark */,
			);
		};
/* End PBXProject section */

/* Begin PBXResourcesBuildPhase section */
		F114AE3921A6E06500942A28 /* Resources */ = {
			isa = PBXResourcesBuildPhase;
			buildActionMask = 2147483647;
			files = (
			);
			runOnlyForDeploymentPostprocessing = 0;
		};
		F12BA13E205D2BDA006C1D56 /* Resources */ = {
			isa = PBXResourcesBuildPhase;
			buildActionMask = 2147483647;
			files = (
				F120F5A4206120EE0088CC57 /* assets.bundle in Resources */,
				F12BA14E205D2BDA006C1D56 /* LaunchScreen.storyboard in Resources */,
				F12BA14B205D2BDA006C1D56 /* Assets.xcassets in Resources */,
				F12BA149205D2BDA006C1D56 /* Main.storyboard in Resources */,
			);
			runOnlyForDeploymentPostprocessing = 0;
		};
/* End PBXResourcesBuildPhase section */

/* Begin PBXSourcesBuildPhase section */
		F114AE3721A6E06500942A28 /* Sources */ = {
			isa = PBXSourcesBuildPhase;
			buildActionMask = 2147483647;
			files = (
				F11ADD61223514380024F9C7 /* VC+Extension.swift in Sources */,
				F11ADD73223515DD0024F9C7 /* Themeable+UISwitch.swift in Sources */,
				F114AE4B21A6E0AE00942A28 /* ColorUtils.swift in Sources */,
				F11ADD80223518700024F9C7 /* Themeable +UITabBar.swift in Sources */,
				F114AE4E21A6E0AE00942A28 /* Range+Extension.swift in Sources */,
				F11ADD68223515060024F9C7 /* ThemeFont.swift in Sources */,
				F11ADD5D2235118E0024F9C7 /* View+Extension.swift in Sources */,
				F11ADD66223514E30024F9C7 /* ThemeFontColor.swift in Sources */,
				F11ADD53223471000024F9C7 /* StringParser.swift in Sources */,
				F11ADD75223515E90024F9C7 /* Themeable+UISegmentedControl.swift in Sources */,
				F11ADD512234709F0024F9C7 /* FileParser.swift in Sources */,
				F11ADD7B2235161B0024F9C7 /* Themeable+UITextField.swift in Sources */,
				F11ADD6D223515A50024F9C7 /* Themeable+UIButton.swift in Sources */,
				F11ADD6F223515C00024F9C7 /* Themeable+UILabel.swift in Sources */,
				F114AE5121A6E0AE00942A28 /* Theme+Styles.swift in Sources */,
				F114AE4D21A6E0AE00942A28 /* Colors.swift in Sources */,
				F11ADD71223515D20024F9C7 /* Themeable+UITableViewCell.swift in Sources */,
				F114AE4921A6E0AE00942A28 /* FileWatcher.swift in Sources */,
				F11ADD56223471250024F9C7 /* String+Extension.swift in Sources */,
				F11ADD822235189F0024F9C7 /* Themeable +UINavBar.swift in Sources */,
				F114AE4A21A6E0AE00942A28 /* JSONUtil.swift in Sources */,
				F114AE4C21A6E0AE00942A28 /* ColorTypes.swift in Sources */,
				F11ADD4F223470800024F9C7 /* Data+Extension.swift in Sources */,
				F11ADD6A2235152A0024F9C7 /* DecodableFont.swift in Sources */,
				F114AE4F21A6E0AE00942A28 /* Theme.swift in Sources */,
				F11ADD5B2235113B0024F9C7 /* Themeable.swift in Sources */,
				F11ADD7D223516870024F9C7 /* Themeable +UITVC.swift in Sources */,
				F11ADD64223514BE0024F9C7 /* ThemeColor.swift in Sources */,
				F114AE5021A6E0AE00942A28 /* ThemeUtil.swift in Sources */,
				F11ADD77223515FB0024F9C7 /* Themeable+UISlider.swift in Sources */,
				F11ADD792235160F0024F9C7 /* Themeable+UIStepper.swift in Sources */,
				F11ADD5F2235128E0024F9C7 /* Config.swift in Sources */,
			);
			runOnlyForDeploymentPostprocessing = 0;
		};
		F12BA13C205D2BDA006C1D56 /* Sources */ = {
			isa = PBXSourcesBuildPhase;
			buildActionMask = 2147483647;
			files = (
				F178DE1D205E878B001FD75E /* Main.swift in Sources */,
				F178DE21205EB232001FD75E /* Settings.swift in Sources */,
				F12BA144205D2BDA006C1D56 /* AppDelegate.swift in Sources */,
			);
			runOnlyForDeploymentPostprocessing = 0;
		};
/* End PBXSourcesBuildPhase section */

/* Begin PBXTargetDependency section */
		F114AE4121A6E06500942A28 /* PBXTargetDependency */ = {
			isa = PBXTargetDependency;
			target = F114AE3A21A6E06500942A28 /* ThemePark */;
			targetProxy = F114AE4021A6E06500942A28 /* PBXContainerItemProxy */;
		};
/* End PBXTargetDependency section */

/* Begin PBXVariantGroup section */
		F12BA147205D2BDA006C1D56 /* Main.storyboard */ = {
			isa = PBXVariantGroup;
			children = (
				F12BA148205D2BDA006C1D56 /* Base */,
			);
			name = Main.storyboard;
			sourceTree = "<group>";
		};
		F12BA14C205D2BDA006C1D56 /* LaunchScreen.storyboard */ = {
			isa = PBXVariantGroup;
			children = (
				F12BA14D205D2BDA006C1D56 /* Base */,
			);
			name = LaunchScreen.storyboard;
			sourceTree = "<group>";
		};
/* End PBXVariantGroup section */

/* Begin XCBuildConfiguration section */
		F114AE4421A6E06500942A28 /* Debug */ = {
			isa = XCBuildConfiguration;
			buildSettings = {
				CLANG_ENABLE_OBJC_WEAK = YES;
				CLANG_WARN_DEPRECATED_OBJC_IMPLEMENTATIONS = YES;
				CLANG_WARN_OBJC_IMPLICIT_RETAIN_SELF = YES;
				CODE_SIGN_IDENTITY = "";
				CODE_SIGN_STYLE = Automatic;
				CURRENT_PROJECT_VERSION = 1;
				DEFINES_MODULE = YES;
				DYLIB_COMPATIBILITY_VERSION = 1;
				DYLIB_CURRENT_VERSION = 1;
				DYLIB_INSTALL_NAME_BASE = "@rpath";
				INFOPLIST_FILE = ThemePark/Info.plist;
				INSTALL_PATH = "$(LOCAL_LIBRARY_DIR)/Frameworks";
				IPHONEOS_DEPLOYMENT_TARGET = 12.1;
				LD_RUNPATH_SEARCH_PATHS = "$(inherited) @executable_path/Frameworks @loader_path/Frameworks";
				MTL_ENABLE_DEBUG_INFO = INCLUDE_SOURCE;
				MTL_FAST_MATH = YES;
				PRODUCT_BUNDLE_IDENTIFIER = io.github.futurelab.ThemePark;
				PRODUCT_NAME = "$(TARGET_NAME:c99extidentifier)";
				SKIP_INSTALL = YES;
				SWIFT_VERSION = 4.2;
				TARGETED_DEVICE_FAMILY = "1,2";
				VERSIONING_SYSTEM = "apple-generic";
				VERSION_INFO_PREFIX = "";
			};
			name = Debug;
		};
		F114AE4521A6E06500942A28 /* Release */ = {
			isa = XCBuildConfiguration;
			buildSettings = {
				CLANG_ENABLE_OBJC_WEAK = YES;
				CLANG_WARN_DEPRECATED_OBJC_IMPLEMENTATIONS = YES;
				CLANG_WARN_OBJC_IMPLICIT_RETAIN_SELF = YES;
				CODE_SIGN_IDENTITY = "";
				CODE_SIGN_STYLE = Automatic;
				CURRENT_PROJECT_VERSION = 1;
				DEFINES_MODULE = YES;
				DYLIB_COMPATIBILITY_VERSION = 1;
				DYLIB_CURRENT_VERSION = 1;
				DYLIB_INSTALL_NAME_BASE = "@rpath";
				INFOPLIST_FILE = ThemePark/Info.plist;
				INSTALL_PATH = "$(LOCAL_LIBRARY_DIR)/Frameworks";
				IPHONEOS_DEPLOYMENT_TARGET = 12.1;
				LD_RUNPATH_SEARCH_PATHS = "$(inherited) @executable_path/Frameworks @loader_path/Frameworks";
				MTL_FAST_MATH = YES;
				PRODUCT_BUNDLE_IDENTIFIER = io.github.futurelab.ThemePark;
				PRODUCT_NAME = "$(TARGET_NAME:c99extidentifier)";
				SKIP_INSTALL = YES;
				SWIFT_VERSION = 4.2;
				TARGETED_DEVICE_FAMILY = "1,2";
				VERSIONING_SYSTEM = "apple-generic";
				VERSION_INFO_PREFIX = "";
			};
			name = Release;
		};
		F12BA150205D2BDA006C1D56 /* Debug */ = {
			isa = XCBuildConfiguration;
			buildSettings = {
				ALWAYS_SEARCH_USER_PATHS = NO;
				CLANG_ANALYZER_NONNULL = YES;
				CLANG_ANALYZER_NUMBER_OBJECT_CONVERSION = YES_AGGRESSIVE;
				CLANG_CXX_LANGUAGE_STANDARD = "gnu++14";
				CLANG_CXX_LIBRARY = "libc++";
				CLANG_ENABLE_MODULES = YES;
				CLANG_ENABLE_OBJC_ARC = YES;
				CLANG_WARN_BLOCK_CAPTURE_AUTORELEASING = YES;
				CLANG_WARN_BOOL_CONVERSION = YES;
				CLANG_WARN_COMMA = YES;
				CLANG_WARN_CONSTANT_CONVERSION = YES;
				CLANG_WARN_DIRECT_OBJC_ISA_USAGE = YES_ERROR;
				CLANG_WARN_DOCUMENTATION_COMMENTS = YES;
				CLANG_WARN_EMPTY_BODY = YES;
				CLANG_WARN_ENUM_CONVERSION = YES;
				CLANG_WARN_INFINITE_RECURSION = YES;
				CLANG_WARN_INT_CONVERSION = YES;
				CLANG_WARN_NON_LITERAL_NULL_CONVERSION = YES;
				CLANG_WARN_OBJC_LITERAL_CONVERSION = YES;
				CLANG_WARN_OBJC_ROOT_CLASS = YES_ERROR;
				CLANG_WARN_RANGE_LOOP_ANALYSIS = YES;
				CLANG_WARN_STRICT_PROTOTYPES = YES;
				CLANG_WARN_SUSPICIOUS_MOVE = YES;
				CLANG_WARN_UNGUARDED_AVAILABILITY = YES_AGGRESSIVE;
				CLANG_WARN_UNREACHABLE_CODE = YES;
				CLANG_WARN__DUPLICATE_METHOD_MATCH = YES;
				CODE_SIGN_IDENTITY = "iPhone Developer";
				COPY_PHASE_STRIP = NO;
				DEBUG_INFORMATION_FORMAT = dwarf;
				ENABLE_STRICT_OBJC_MSGSEND = YES;
				ENABLE_TESTABILITY = YES;
				GCC_C_LANGUAGE_STANDARD = gnu11;
				GCC_DYNAMIC_NO_PIC = NO;
				GCC_NO_COMMON_BLOCKS = YES;
				GCC_OPTIMIZATION_LEVEL = 0;
				GCC_PREPROCESSOR_DEFINITIONS = (
					"DEBUG=1",
					"$(inherited)",
				);
				GCC_WARN_64_TO_32_BIT_CONVERSION = YES;
				GCC_WARN_ABOUT_RETURN_TYPE = YES_ERROR;
				GCC_WARN_UNDECLARED_SELECTOR = YES;
				GCC_WARN_UNINITIALIZED_AUTOS = YES_AGGRESSIVE;
				GCC_WARN_UNUSED_FUNCTION = YES;
				GCC_WARN_UNUSED_VARIABLE = YES;
				IPHONEOS_DEPLOYMENT_TARGET = 11.2;
				MTL_ENABLE_DEBUG_INFO = YES;
				ONLY_ACTIVE_ARCH = YES;
				SDKROOT = iphoneos;
				SWIFT_ACTIVE_COMPILATION_CONDITIONS = DEBUG;
				SWIFT_OPTIMIZATION_LEVEL = "-Onone";
			};
			name = Debug;
		};
		F12BA151205D2BDA006C1D56 /* Release */ = {
			isa = XCBuildConfiguration;
			buildSettings = {
				ALWAYS_SEARCH_USER_PATHS = NO;
				CLANG_ANALYZER_NONNULL = YES;
				CLANG_ANALYZER_NUMBER_OBJECT_CONVERSION = YES_AGGRESSIVE;
				CLANG_CXX_LANGUAGE_STANDARD = "gnu++14";
				CLANG_CXX_LIBRARY = "libc++";
				CLANG_ENABLE_MODULES = YES;
				CLANG_ENABLE_OBJC_ARC = YES;
				CLANG_WARN_BLOCK_CAPTURE_AUTORELEASING = YES;
				CLANG_WARN_BOOL_CONVERSION = YES;
				CLANG_WARN_COMMA = YES;
				CLANG_WARN_CONSTANT_CONVERSION = YES;
				CLANG_WARN_DIRECT_OBJC_ISA_USAGE = YES_ERROR;
				CLANG_WARN_DOCUMENTATION_COMMENTS = YES;
				CLANG_WARN_EMPTY_BODY = YES;
				CLANG_WARN_ENUM_CONVERSION = YES;
				CLANG_WARN_INFINITE_RECURSION = YES;
				CLANG_WARN_INT_CONVERSION = YES;
				CLANG_WARN_NON_LITERAL_NULL_CONVERSION = YES;
				CLANG_WARN_OBJC_LITERAL_CONVERSION = YES;
				CLANG_WARN_OBJC_ROOT_CLASS = YES_ERROR;
				CLANG_WARN_RANGE_LOOP_ANALYSIS = YES;
				CLANG_WARN_STRICT_PROTOTYPES = YES;
				CLANG_WARN_SUSPICIOUS_MOVE = YES;
				CLANG_WARN_UNGUARDED_AVAILABILITY = YES_AGGRESSIVE;
				CLANG_WARN_UNREACHABLE_CODE = YES;
				CLANG_WARN__DUPLICATE_METHOD_MATCH = YES;
				CODE_SIGN_IDENTITY = "iPhone Developer";
				COPY_PHASE_STRIP = NO;
				DEBUG_INFORMATION_FORMAT = "dwarf-with-dsym";
				ENABLE_NS_ASSERTIONS = NO;
				ENABLE_STRICT_OBJC_MSGSEND = YES;
				GCC_C_LANGUAGE_STANDARD = gnu11;
				GCC_NO_COMMON_BLOCKS = YES;
				GCC_WARN_64_TO_32_BIT_CONVERSION = YES;
				GCC_WARN_ABOUT_RETURN_TYPE = YES_ERROR;
				GCC_WARN_UNDECLARED_SELECTOR = YES;
				GCC_WARN_UNINITIALIZED_AUTOS = YES_AGGRESSIVE;
				GCC_WARN_UNUSED_FUNCTION = YES;
				GCC_WARN_UNUSED_VARIABLE = YES;
				IPHONEOS_DEPLOYMENT_TARGET = 11.2;
				MTL_ENABLE_DEBUG_INFO = NO;
				SDKROOT = iphoneos;
				SWIFT_OPTIMIZATION_LEVEL = "-Owholemodule";
				VALIDATE_PRODUCT = YES;
			};
			name = Release;
		};
		F12BA153205D2BDA006C1D56 /* Debug */ = {
			isa = XCBuildConfiguration;
			buildSettings = {
				ALWAYS_EMBED_SWIFT_STANDARD_LIBRARIES = YES;
				ASSETCATALOG_COMPILER_APPICON_NAME = AppIcon;
				CODE_SIGN_STYLE = Automatic;
				INFOPLIST_FILE = ThemeTest/Info.plist;
				IPHONEOS_DEPLOYMENT_TARGET = 12.1;
				LD_RUNPATH_SEARCH_PATHS = "$(inherited) @executable_path/Frameworks";
				PRODUCT_BUNDLE_IDENTIFIER = io.futurelab.ThemeTest;
				PRODUCT_NAME = "$(TARGET_NAME)";
				SWIFT_VERSION = 4.0;
				TARGETED_DEVICE_FAMILY = "1,2";
			};
			name = Debug;
		};
		F12BA154205D2BDA006C1D56 /* Release */ = {
			isa = XCBuildConfiguration;
			buildSettings = {
				ALWAYS_EMBED_SWIFT_STANDARD_LIBRARIES = YES;
				ASSETCATALOG_COMPILER_APPICON_NAME = AppIcon;
				CODE_SIGN_STYLE = Automatic;
				INFOPLIST_FILE = ThemeTest/Info.plist;
				IPHONEOS_DEPLOYMENT_TARGET = 12.1;
				LD_RUNPATH_SEARCH_PATHS = "$(inherited) @executable_path/Frameworks";
				PRODUCT_BUNDLE_IDENTIFIER = io.futurelab.ThemeTest;
				PRODUCT_NAME = "$(TARGET_NAME)";
				SWIFT_VERSION = 4.0;
				TARGETED_DEVICE_FAMILY = "1,2";
			};
			name = Release;
		};
/* End XCBuildConfiguration section */

/* Begin XCConfigurationList section */
		F114AE4621A6E06500942A28 /* Build configuration list for PBXNativeTarget "ThemePark" */ = {
			isa = XCConfigurationList;
			buildConfigurations = (
				F114AE4421A6E06500942A28 /* Debug */,
				F114AE4521A6E06500942A28 /* Release */,
			);
			defaultConfigurationIsVisible = 0;
			defaultConfigurationName = Release;
		};
		F12BA13B205D2BDA006C1D56 /* Build configuration list for PBXProject "ThemeTest" */ = {
			isa = XCConfigurationList;
			buildConfigurations = (
				F12BA150205D2BDA006C1D56 /* Debug */,
				F12BA151205D2BDA006C1D56 /* Release */,
			);
			defaultConfigurationIsVisible = 0;
			defaultConfigurationName = Release;
		};
		F12BA152205D2BDA006C1D56 /* Build configuration list for PBXNativeTarget "ThemeTest" */ = {
			isa = XCConfigurationList;
			buildConfigurations = (
				F12BA153205D2BDA006C1D56 /* Debug */,
				F12BA154205D2BDA006C1D56 /* Release */,
			);
			defaultConfigurationIsVisible = 0;
			defaultConfigurationName = Release;
		};
/* End XCConfigurationList section */
	};
	rootObject = F12BA138205D2BDA006C1D56 /* Project object */;
}
